// !$*UTF8*$!
{
	archiveVersion = 1;
	classes = {
	};
	objectVersion = 46;
	objects = {

/* Begin PBXBuildFile section */
		7CE476D21CBF945A006B6716 /* main.m in Sources */ = {isa = PBXBuildFile; fileRef = 7CE476D11CBF945A006B6716 /* main.m */; };
		7CE476D51CBF945A006B6716 /* AppDelegate.m in Sources */ = {isa = PBXBuildFile; fileRef = 7CE476D41CBF945A006B6716 /* AppDelegate.m */; };
		7CE476D81CBF945A006B6716 /* ViewController.m in Sources */ = {isa = PBXBuildFile; fileRef = 7CE476D71CBF945A006B6716 /* ViewController.m */; };
		7CE476DB1CBF945A006B6716 /* Main.storyboard in Resources */ = {isa = PBXBuildFile; fileRef = 7CE476D91CBF945A006B6716 /* Main.storyboard */; };
		7CE476DD1CBF945A006B6716 /* Assets.xcassets in Resources */ = {isa = PBXBuildFile; fileRef = 7CE476DC1CBF945A006B6716 /* Assets.xcassets */; };
		7CE476E01CBF945A006B6716 /* LaunchScreen.storyboard in Resources */ = {isa = PBXBuildFile; fileRef = 7CE476DE1CBF945A006B6716 /* LaunchScreen.storyboard */; };
		7CE476EB1CBF945A006B6716 /* PBFBaseToolsDemoTests.m in Sources */ = {isa = PBXBuildFile; fileRef = 7CE476EA1CBF945A006B6716 /* PBFBaseToolsDemoTests.m */; };
		7CE476F61CBF945A006B6716 /* PBFBaseToolsDemoUITests.m in Sources */ = {isa = PBXBuildFile; fileRef = 7CE476F51CBF945A006B6716 /* PBFBaseToolsDemoUITests.m */; };
		7CFE27C21CE48BB400FB11C5 /* PBFORMToolsTests.m in Sources */ = {isa = PBXBuildFile; fileRef = 7CFE27C11CE48BB400FB11C5 /* PBFORMToolsTests.m */; };
		B627E2BD1CF606E8007081FB /* PBFColorTools.m in Sources */ = {isa = PBXBuildFile; fileRef = B627E2381CF606E8007081FB /* PBFColorTools.m */; };
		B627E2BE1CF606E8007081FB /* PBFConvert.m in Sources */ = {isa = PBXBuildFile; fileRef = B627E23A1CF606E8007081FB /* PBFConvert.m */; };
		B627E2BF1CF606E8007081FB /* PBFDateTools.m in Sources */ = {isa = PBXBuildFile; fileRef = B627E23C1CF606E8007081FB /* PBFDateTools.m */; };
		B627E2C01CF606E8007081FB /* PBFNSStringTools.m in Sources */ = {isa = PBXBuildFile; fileRef = B627E23E1CF606E8007081FB /* PBFNSStringTools.m */; };
		B627E2C11CF606E8007081FB /* PBFNumberTools.m in Sources */ = {isa = PBXBuildFile; fileRef = B627E2401CF606E8007081FB /* PBFNumberTools.m */; };
		B627E2C21CF606E8007081FB /* PBFBrowserTools.m in Sources */ = {isa = PBXBuildFile; fileRef = B627E2431CF606E8007081FB /* PBFBrowserTools.m */; };
		B627E2C31CF606E8007081FB /* PBFBrowserViewCtrl.m in Sources */ = {isa = PBXBuildFile; fileRef = B627E2451CF606E8007081FB /* PBFBrowserViewCtrl.m */; };
		B627E2C41CF606E8007081FB /* PBFButtonVerifyCode.m in Sources */ = {isa = PBXBuildFile; fileRef = B627E2481CF606E8007081FB /* PBFButtonVerifyCode.m */; };
		B627E2C51CF606E8007081FB /* PBFContextGraphicsTools.m in Sources */ = {isa = PBXBuildFile; fileRef = B627E24B1CF606E8007081FB /* PBFContextGraphicsTools.m */; };
		B627E2C61CF606E8007081FB /* GTMBase64.m in Sources */ = {isa = PBXBuildFile; fileRef = B627E24F1CF606E8007081FB /* GTMBase64.m */; settings = {COMPILER_FLAGS = "-fno-objc-arc"; }; };
		B627E2C71CF606E8007081FB /* README.md in Sources */ = {isa = PBXBuildFile; fileRef = B627E2511CF606E8007081FB /* README.md */; };
		B627E2C81CF606E8007081FB /* PBFDesEncrypt.m in Sources */ = {isa = PBXBuildFile; fileRef = B627E2531CF606E8007081FB /* PBFDesEncrypt.m */; };
		B627E2C91CF606E8007081FB /* PBFDeviceTools.m in Sources */ = {isa = PBXBuildFile; fileRef = B627E2561CF606E8007081FB /* PBFDeviceTools.m */; };
		B627E2CA1CF606E8007081FB /* PBFDropSelectBoxView.m in Sources */ = {isa = PBXBuildFile; fileRef = B627E2591CF606E8007081FB /* PBFDropSelectBoxView.m */; };
		B627E2CB1CF606E8007081FB /* PBFErrorTools.m in Sources */ = {isa = PBXBuildFile; fileRef = B627E25C1CF606E8007081FB /* PBFErrorTools.m */; };
		B627E2CC1CF606E8007081FB /* PBFImageObtainTools.m in Sources */ = {isa = PBXBuildFile; fileRef = B627E25F1CF606E8007081FB /* PBFImageObtainTools.m */; };
		B627E2CD1CF606E8007081FB /* PBFImageProminent.m in Sources */ = {isa = PBXBuildFile; fileRef = B627E2611CF606E8007081FB /* PBFImageProminent.m */; };
		B627E2CE1CF606E8007081FB /* PBFLabelCountBackwards.m in Sources */ = {isa = PBXBuildFile; fileRef = B627E2641CF606E8007081FB /* PBFLabelCountBackwards.m */; };
		B627E2CF1CF606E8007081FB /* PBFLabelCountBackwardsSimple.m in Sources */ = {isa = PBXBuildFile; fileRef = B627E2661CF606E8007081FB /* PBFLabelCountBackwardsSimple.m */; };
		B627E2D01CF606E8007081FB /* PBFAPPLoadingPages.m in Sources */ = {isa = PBXBuildFile; fileRef = B627E2691CF606E8007081FB /* PBFAPPLoadingPages.m */; };
		B627E2D11CF606E8007081FB /* PBFNotificationTopBar.m in Sources */ = {isa = PBXBuildFile; fileRef = B627E26F1CF606E8007081FB /* PBFNotificationTopBar.m */; };
		B627E2D21CF606E8007081FB /* PBFNotifyAlertViewTools.m in Sources */ = {isa = PBXBuildFile; fileRef = B627E2721CF606E8007081FB /* PBFNotifyAlertViewTools.m */; };
		B627E2D31CF606E8007081FB /* PBFNotifyLoadingViewTools.m in Sources */ = {isa = PBXBuildFile; fileRef = B627E2741CF606E8007081FB /* PBFNotifyLoadingViewTools.m */; };
		B627E2D41CF606E8007081FB /* PBFNotifyToastViewTools.m in Sources */ = {isa = PBXBuildFile; fileRef = B627E2761CF606E8007081FB /* PBFNotifyToastViewTools.m */; };
		B627E2D51CF606E8007081FB /* PBFORMTools.m in Sources */ = {isa = PBXBuildFile; fileRef = B627E2791CF606E8007081FB /* PBFORMTools.m */; };
		B627E2D61CF606E8007081FB /* PBFPopInputView.m in Sources */ = {isa = PBXBuildFile; fileRef = B627E27C1CF606E8007081FB /* PBFPopInputView.m */; };
		B627E2D71CF606E8007081FB /* PBFProgressCircleView.m in Sources */ = {isa = PBXBuildFile; fileRef = B627E27F1CF606E8007081FB /* PBFProgressCircleView.m */; };
		B627E2D81CF606E8007081FB /* PBFQRCodeGenerator.m in Sources */ = {isa = PBXBuildFile; fileRef = B627E2821CF606E8007081FB /* PBFQRCodeGenerator.m */; };
		B627E2D91CF606E8007081FB /* PBFQRCodeScanner.m in Sources */ = {isa = PBXBuildFile; fileRef = B627E2841CF606E8007081FB /* PBFQRCodeScanner.m */; };
		B627E2DA1CF606E8007081FB /* bitstream.c in Sources */ = {isa = PBXBuildFile; fileRef = B627E2861CF606E8007081FB /* bitstream.c */; };
		B627E2DB1CF606E8007081FB /* mask.c in Sources */ = {isa = PBXBuildFile; fileRef = B627E2881CF606E8007081FB /* mask.c */; };
		B627E2DC1CF606E8007081FB /* mmask.c in Sources */ = {isa = PBXBuildFile; fileRef = B627E28A1CF606E8007081FB /* mmask.c */; };
		B627E2DD1CF606E8007081FB /* mqrspec.c in Sources */ = {isa = PBXBuildFile; fileRef = B627E28C1CF606E8007081FB /* mqrspec.c */; };
		B627E2DE1CF606E8007081FB /* qrencode.c in Sources */ = {isa = PBXBuildFile; fileRef = B627E28F1CF606E8007081FB /* qrencode.c */; };
		B627E2DF1CF606E8007081FB /* qrinput.c in Sources */ = {isa = PBXBuildFile; fileRef = B627E2921CF606E8007081FB /* qrinput.c */; };
		B627E2E01CF606E8007081FB /* qrspec.c in Sources */ = {isa = PBXBuildFile; fileRef = B627E2941CF606E8007081FB /* qrspec.c */; };
		B627E2E11CF606E8007081FB /* rscode.c in Sources */ = {isa = PBXBuildFile; fileRef = B627E2961CF606E8007081FB /* rscode.c */; };
		B627E2E21CF606E8007081FB /* split.c in Sources */ = {isa = PBXBuildFile; fileRef = B627E2981CF606E8007081FB /* split.c */; };
		B627E2E31CF606E8007081FB /* PBFScrollFlowView.m in Sources */ = {isa = PBXBuildFile; fileRef = B627E29C1CF606E8007081FB /* PBFScrollFlowView.m */; };
		B627E2E41CF606E8007081FB /* PBFSimplePieChartView.m in Sources */ = {isa = PBXBuildFile; fileRef = B627E29F1CF606E8007081FB /* PBFSimplePieChartView.m */; };
		B627E2E51CF606E8007081FB /* PBFSpringEffectAlertView.m in Sources */ = {isa = PBXBuildFile; fileRef = B627E2A21CF606E8007081FB /* PBFSpringEffectAlertView.m */; };
		B627E2E61CF606E8007081FB /* PBFTableViewEmptyNotify.m in Sources */ = {isa = PBXBuildFile; fileRef = B627E2A51CF606E8007081FB /* PBFTableViewEmptyNotify.m */; };
		B627E2E71CF606E8007081FB /* UITableView+EmptyImage.m in Sources */ = {isa = PBXBuildFile; fileRef = B627E2A71CF606E8007081FB /* UITableView+EmptyImage.m */; };
		B627E2E81CF606E8007081FB /* UITableView+EmptyText.m in Sources */ = {isa = PBXBuildFile; fileRef = B627E2A91CF606E8007081FB /* UITableView+EmptyText.m */; };
		B627E2E91CF606E8007081FB /* PBFTabPageFlow.m in Sources */ = {isa = PBXBuildFile; fileRef = B627E2AC1CF606E8007081FB /* PBFTabPageFlow.m */; };
		B627E2EA1CF606E8007081FB /* PBFUITextFieldAdditionFinishedBtn.m in Sources */ = {isa = PBXBuildFile; fileRef = B627E2AF1CF606E8007081FB /* PBFUITextFieldAdditionFinishedBtn.m */; };
		B627E2EB1CF606E8007081FB /* PBFUITextFieldAdditionPickup.m in Sources */ = {isa = PBXBuildFile; fileRef = B627E2B11CF606E8007081FB /* PBFUITextFieldAdditionPickup.m */; };
		B627E2EC1CF606E8007081FB /* PBFUITextFieldStratageMaxLength.m in Sources */ = {isa = PBXBuildFile; fileRef = B627E2B31CF606E8007081FB /* PBFUITextFieldStratageMaxLength.m */; };
		B627E2ED1CF606E8007081FB /* PBFUITextFieldStratageMinlength.m in Sources */ = {isa = PBXBuildFile; fileRef = B627E2B51CF606E8007081FB /* PBFUITextFieldStratageMinlength.m */; };
		B627E2EE1CF606E8007081FB /* PBFUITextFieldStratageRegex.m in Sources */ = {isa = PBXBuildFile; fileRef = B627E2B71CF606E8007081FB /* PBFUITextFieldStratageRegex.m */; };
		B627E2EF1CF606E8007081FB /* PBFUITextFieldVerify.m in Sources */ = {isa = PBXBuildFile; fileRef = B627E2B91CF606E8007081FB /* PBFUITextFieldVerify.m */; };
		B627E2F01CF606E8007081FB /* PBFViewTools.m in Sources */ = {isa = PBXBuildFile; fileRef = B627E2BC1CF606E8007081FB /* PBFViewTools.m */; };
		EBD17475E2CCDA4D2BC7BBF9 /* libPods.a in Frameworks */ = {isa = PBXBuildFile; fileRef = E53EB08769A498C8281BC1E7 /* libPods.a */; };
/* End PBXBuildFile section */

/* Begin PBXContainerItemProxy section */
		7CE476E71CBF945A006B6716 /* PBXContainerItemProxy */ = {
			isa = PBXContainerItemProxy;
			containerPortal = 7CE476C51CBF945A006B6716 /* Project object */;
			proxyType = 1;
			remoteGlobalIDString = 7CE476CC1CBF945A006B6716;
			remoteInfo = PBFBaseToolsDemo;
		};
		7CE476F21CBF945A006B6716 /* PBXContainerItemProxy */ = {
			isa = PBXContainerItemProxy;
			containerPortal = 7CE476C51CBF945A006B6716 /* Project object */;
			proxyType = 1;
			remoteGlobalIDString = 7CE476CC1CBF945A006B6716;
			remoteInfo = PBFBaseToolsDemo;
		};
/* End PBXContainerItemProxy section */

/* Begin PBXFileReference section */
		7CE476CD1CBF945A006B6716 /* PBFBaseToolsDemo.app */ = {isa = PBXFileReference; explicitFileType = wrapper.application; includeInIndex = 0; path = PBFBaseToolsDemo.app; sourceTree = BUILT_PRODUCTS_DIR; };
		7CE476D11CBF945A006B6716 /* main.m */ = {isa = PBXFileReference; lastKnownFileType = sourcecode.c.objc; path = main.m; sourceTree = "<group>"; };
		7CE476D31CBF945A006B6716 /* AppDelegate.h */ = {isa = PBXFileReference; lastKnownFileType = sourcecode.c.h; path = AppDelegate.h; sourceTree = "<group>"; };
		7CE476D41CBF945A006B6716 /* AppDelegate.m */ = {isa = PBXFileReference; lastKnownFileType = sourcecode.c.objc; path = AppDelegate.m; sourceTree = "<group>"; };
		7CE476D61CBF945A006B6716 /* ViewController.h */ = {isa = PBXFileReference; lastKnownFileType = sourcecode.c.h; path = ViewController.h; sourceTree = "<group>"; };
		7CE476D71CBF945A006B6716 /* ViewController.m */ = {isa = PBXFileReference; lastKnownFileType = sourcecode.c.objc; path = ViewController.m; sourceTree = "<group>"; };
		7CE476DA1CBF945A006B6716 /* Base */ = {isa = PBXFileReference; lastKnownFileType = file.storyboard; name = Base; path = Base.lproj/Main.storyboard; sourceTree = "<group>"; };
		7CE476DC1CBF945A006B6716 /* Assets.xcassets */ = {isa = PBXFileReference; lastKnownFileType = folder.assetcatalog; path = Assets.xcassets; sourceTree = "<group>"; };
		7CE476DF1CBF945A006B6716 /* Base */ = {isa = PBXFileReference; lastKnownFileType = file.storyboard; name = Base; path = Base.lproj/LaunchScreen.storyboard; sourceTree = "<group>"; };
		7CE476E11CBF945A006B6716 /* Info.plist */ = {isa = PBXFileReference; lastKnownFileType = text.plist.xml; path = Info.plist; sourceTree = "<group>"; };
		7CE476E61CBF945A006B6716 /* PBFBaseToolsDemoTests.xctest */ = {isa = PBXFileReference; explicitFileType = wrapper.cfbundle; includeInIndex = 0; path = PBFBaseToolsDemoTests.xctest; sourceTree = BUILT_PRODUCTS_DIR; };
		7CE476EA1CBF945A006B6716 /* PBFBaseToolsDemoTests.m */ = {isa = PBXFileReference; lastKnownFileType = sourcecode.c.objc; path = PBFBaseToolsDemoTests.m; sourceTree = "<group>"; };
		7CE476EC1CBF945A006B6716 /* Info.plist */ = {isa = PBXFileReference; lastKnownFileType = text.plist.xml; path = Info.plist; sourceTree = "<group>"; };
		7CE476F11CBF945A006B6716 /* PBFBaseToolsDemoUITests.xctest */ = {isa = PBXFileReference; explicitFileType = wrapper.cfbundle; includeInIndex = 0; path = PBFBaseToolsDemoUITests.xctest; sourceTree = BUILT_PRODUCTS_DIR; };
		7CE476F51CBF945A006B6716 /* PBFBaseToolsDemoUITests.m */ = {isa = PBXFileReference; lastKnownFileType = sourcecode.c.objc; path = PBFBaseToolsDemoUITests.m; sourceTree = "<group>"; };
		7CE476F71CBF945A006B6716 /* Info.plist */ = {isa = PBXFileReference; lastKnownFileType = text.plist.xml; path = Info.plist; sourceTree = "<group>"; };
		7CFE27C11CE48BB400FB11C5 /* PBFORMToolsTests.m */ = {isa = PBXFileReference; fileEncoding = 4; lastKnownFileType = sourcecode.c.objc; path = PBFORMToolsTests.m; sourceTree = "<group>"; };
		B627E2351CF606E8007081FB /* PBFBaseTools.h */ = {isa = PBXFileReference; fileEncoding = 4; lastKnownFileType = sourcecode.c.h; path = PBFBaseTools.h; sourceTree = "<group>"; };
		B627E2371CF606E8007081FB /* PBFColorTools.h */ = {isa = PBXFileReference; fileEncoding = 4; lastKnownFileType = sourcecode.c.h; path = PBFColorTools.h; sourceTree = "<group>"; };
		B627E2381CF606E8007081FB /* PBFColorTools.m */ = {isa = PBXFileReference; fileEncoding = 4; lastKnownFileType = sourcecode.c.objc; path = PBFColorTools.m; sourceTree = "<group>"; };
		B627E2391CF606E8007081FB /* PBFConvert.h */ = {isa = PBXFileReference; fileEncoding = 4; lastKnownFileType = sourcecode.c.h; path = PBFConvert.h; sourceTree = "<group>"; };
		B627E23A1CF606E8007081FB /* PBFConvert.m */ = {isa = PBXFileReference; fileEncoding = 4; lastKnownFileType = sourcecode.c.objc; path = PBFConvert.m; sourceTree = "<group>"; };
		B627E23B1CF606E8007081FB /* PBFDateTools.h */ = {isa = PBXFileReference; fileEncoding = 4; lastKnownFileType = sourcecode.c.h; path = PBFDateTools.h; sourceTree = "<group>"; };
		B627E23C1CF606E8007081FB /* PBFDateTools.m */ = {isa = PBXFileReference; fileEncoding = 4; lastKnownFileType = sourcecode.c.objc; path = PBFDateTools.m; sourceTree = "<group>"; };
		B627E23D1CF606E8007081FB /* PBFNSStringTools.h */ = {isa = PBXFileReference; fileEncoding = 4; lastKnownFileType = sourcecode.c.h; path = PBFNSStringTools.h; sourceTree = "<group>"; };
		B627E23E1CF606E8007081FB /* PBFNSStringTools.m */ = {isa = PBXFileReference; fileEncoding = 4; lastKnownFileType = sourcecode.c.objc; path = PBFNSStringTools.m; sourceTree = "<group>"; };
		B627E23F1CF606E8007081FB /* PBFNumberTools.h */ = {isa = PBXFileReference; fileEncoding = 4; lastKnownFileType = sourcecode.c.h; path = PBFNumberTools.h; sourceTree = "<group>"; };
		B627E2401CF606E8007081FB /* PBFNumberTools.m */ = {isa = PBXFileReference; fileEncoding = 4; lastKnownFileType = sourcecode.c.objc; path = PBFNumberTools.m; sourceTree = "<group>"; };
		B627E2421CF606E8007081FB /* PBFBrowserTools.h */ = {isa = PBXFileReference; fileEncoding = 4; lastKnownFileType = sourcecode.c.h; path = PBFBrowserTools.h; sourceTree = "<group>"; };
		B627E2431CF606E8007081FB /* PBFBrowserTools.m */ = {isa = PBXFileReference; fileEncoding = 4; lastKnownFileType = sourcecode.c.objc; path = PBFBrowserTools.m; sourceTree = "<group>"; };
		B627E2441CF606E8007081FB /* PBFBrowserViewCtrl.h */ = {isa = PBXFileReference; fileEncoding = 4; lastKnownFileType = sourcecode.c.h; path = PBFBrowserViewCtrl.h; sourceTree = "<group>"; };
		B627E2451CF606E8007081FB /* PBFBrowserViewCtrl.m */ = {isa = PBXFileReference; fileEncoding = 4; lastKnownFileType = sourcecode.c.objc; path = PBFBrowserViewCtrl.m; sourceTree = "<group>"; };
		B627E2471CF606E8007081FB /* PBFButtonVerifyCode.h */ = {isa = PBXFileReference; fileEncoding = 4; lastKnownFileType = sourcecode.c.h; path = PBFButtonVerifyCode.h; sourceTree = "<group>"; };
		B627E2481CF606E8007081FB /* PBFButtonVerifyCode.m */ = {isa = PBXFileReference; fileEncoding = 4; lastKnownFileType = sourcecode.c.objc; path = PBFButtonVerifyCode.m; sourceTree = "<group>"; };
		B627E24A1CF606E8007081FB /* PBFContextGraphicsTools.h */ = {isa = PBXFileReference; fileEncoding = 4; lastKnownFileType = sourcecode.c.h; path = PBFContextGraphicsTools.h; sourceTree = "<group>"; };
		B627E24B1CF606E8007081FB /* PBFContextGraphicsTools.m */ = {isa = PBXFileReference; fileEncoding = 4; lastKnownFileType = sourcecode.c.objc; path = PBFContextGraphicsTools.m; sourceTree = "<group>"; };
		B627E24E1CF606E8007081FB /* GTMBase64.h */ = {isa = PBXFileReference; fileEncoding = 4; lastKnownFileType = sourcecode.c.h; path = GTMBase64.h; sourceTree = "<group>"; };
		B627E24F1CF606E8007081FB /* GTMBase64.m */ = {isa = PBXFileReference; fileEncoding = 4; lastKnownFileType = sourcecode.c.objc; path = GTMBase64.m; sourceTree = "<group>"; };
		B627E2501CF606E8007081FB /* GTMDefines.h */ = {isa = PBXFileReference; fileEncoding = 4; lastKnownFileType = sourcecode.c.h; path = GTMDefines.h; sourceTree = "<group>"; };
		B627E2511CF606E8007081FB /* README.md */ = {isa = PBXFileReference; fileEncoding = 4; lastKnownFileType = net.daringfireball.markdown; path = README.md; sourceTree = "<group>"; };
		B627E2521CF606E8007081FB /* PBFDesEncrypt.h */ = {isa = PBXFileReference; fileEncoding = 4; lastKnownFileType = sourcecode.c.h; path = PBFDesEncrypt.h; sourceTree = "<group>"; };
		B627E2531CF606E8007081FB /* PBFDesEncrypt.m */ = {isa = PBXFileReference; fileEncoding = 4; lastKnownFileType = sourcecode.c.objc; path = PBFDesEncrypt.m; sourceTree = "<group>"; };
		B627E2551CF606E8007081FB /* PBFDeviceTools.h */ = {isa = PBXFileReference; fileEncoding = 4; lastKnownFileType = sourcecode.c.h; path = PBFDeviceTools.h; sourceTree = "<group>"; };
		B627E2561CF606E8007081FB /* PBFDeviceTools.m */ = {isa = PBXFileReference; fileEncoding = 4; lastKnownFileType = sourcecode.c.objc; path = PBFDeviceTools.m; sourceTree = "<group>"; };
		B627E2581CF606E8007081FB /* PBFDropSelectBoxView.h */ = {isa = PBXFileReference; fileEncoding = 4; lastKnownFileType = sourcecode.c.h; path = PBFDropSelectBoxView.h; sourceTree = "<group>"; };
		B627E2591CF606E8007081FB /* PBFDropSelectBoxView.m */ = {isa = PBXFileReference; fileEncoding = 4; lastKnownFileType = sourcecode.c.objc; path = PBFDropSelectBoxView.m; sourceTree = "<group>"; };
		B627E25B1CF606E8007081FB /* PBFErrorTools.h */ = {isa = PBXFileReference; fileEncoding = 4; lastKnownFileType = sourcecode.c.h; path = PBFErrorTools.h; sourceTree = "<group>"; };
		B627E25C1CF606E8007081FB /* PBFErrorTools.m */ = {isa = PBXFileReference; fileEncoding = 4; lastKnownFileType = sourcecode.c.objc; path = PBFErrorTools.m; sourceTree = "<group>"; };
		B627E25E1CF606E8007081FB /* PBFImageObtainTools.h */ = {isa = PBXFileReference; fileEncoding = 4; lastKnownFileType = sourcecode.c.h; path = PBFImageObtainTools.h; sourceTree = "<group>"; };
		B627E25F1CF606E8007081FB /* PBFImageObtainTools.m */ = {isa = PBXFileReference; fileEncoding = 4; lastKnownFileType = sourcecode.c.objc; path = PBFImageObtainTools.m; sourceTree = "<group>"; };
		B627E2601CF606E8007081FB /* PBFImageProminent.h */ = {isa = PBXFileReference; fileEncoding = 4; lastKnownFileType = sourcecode.c.h; path = PBFImageProminent.h; sourceTree = "<group>"; };
		B627E2611CF606E8007081FB /* PBFImageProminent.m */ = {isa = PBXFileReference; fileEncoding = 4; lastKnownFileType = sourcecode.c.objc; path = PBFImageProminent.m; sourceTree = "<group>"; };
		B627E2631CF606E8007081FB /* PBFLabelCountBackwards.h */ = {isa = PBXFileReference; fileEncoding = 4; lastKnownFileType = sourcecode.c.h; path = PBFLabelCountBackwards.h; sourceTree = "<group>"; };
		B627E2641CF606E8007081FB /* PBFLabelCountBackwards.m */ = {isa = PBXFileReference; fileEncoding = 4; lastKnownFileType = sourcecode.c.objc; path = PBFLabelCountBackwards.m; sourceTree = "<group>"; };
		B627E2651CF606E8007081FB /* PBFLabelCountBackwardsSimple.h */ = {isa = PBXFileReference; fileEncoding = 4; lastKnownFileType = sourcecode.c.h; path = PBFLabelCountBackwardsSimple.h; sourceTree = "<group>"; };
		B627E2661CF606E8007081FB /* PBFLabelCountBackwardsSimple.m */ = {isa = PBXFileReference; fileEncoding = 4; lastKnownFileType = sourcecode.c.objc; path = PBFLabelCountBackwardsSimple.m; sourceTree = "<group>"; };
		B627E2681CF606E8007081FB /* PBFAPPLoadingPages.h */ = {isa = PBXFileReference; fileEncoding = 4; lastKnownFileType = sourcecode.c.h; path = PBFAPPLoadingPages.h; sourceTree = "<group>"; };
		B627E2691CF606E8007081FB /* PBFAPPLoadingPages.m */ = {isa = PBXFileReference; fileEncoding = 4; lastKnownFileType = sourcecode.c.objc; path = PBFAPPLoadingPages.m; sourceTree = "<group>"; };
		B627E26B1CF606E8007081FB /* PBFMacroData.h */ = {isa = PBXFileReference; fileEncoding = 4; lastKnownFileType = sourcecode.c.h; path = PBFMacroData.h; sourceTree = "<group>"; };
		B627E26C1CF606E8007081FB /* PBFMacroView.h */ = {isa = PBXFileReference; fileEncoding = 4; lastKnownFileType = sourcecode.c.h; path = PBFMacroView.h; sourceTree = "<group>"; };
		B627E26E1CF606E8007081FB /* PBFNotificationTopBar.h */ = {isa = PBXFileReference; fileEncoding = 4; lastKnownFileType = sourcecode.c.h; path = PBFNotificationTopBar.h; sourceTree = "<group>"; };
		B627E26F1CF606E8007081FB /* PBFNotificationTopBar.m */ = {isa = PBXFileReference; fileEncoding = 4; lastKnownFileType = sourcecode.c.objc; path = PBFNotificationTopBar.m; sourceTree = "<group>"; };
		B627E2711CF606E8007081FB /* PBFNotifyAlertViewTools.h */ = {isa = PBXFileReference; fileEncoding = 4; lastKnownFileType = sourcecode.c.h; path = PBFNotifyAlertViewTools.h; sourceTree = "<group>"; };
		B627E2721CF606E8007081FB /* PBFNotifyAlertViewTools.m */ = {isa = PBXFileReference; fileEncoding = 4; lastKnownFileType = sourcecode.c.objc; path = PBFNotifyAlertViewTools.m; sourceTree = "<group>"; };
		B627E2731CF606E8007081FB /* PBFNotifyLoadingViewTools.h */ = {isa = PBXFileReference; fileEncoding = 4; lastKnownFileType = sourcecode.c.h; path = PBFNotifyLoadingViewTools.h; sourceTree = "<group>"; };
		B627E2741CF606E8007081FB /* PBFNotifyLoadingViewTools.m */ = {isa = PBXFileReference; fileEncoding = 4; lastKnownFileType = sourcecode.c.objc; path = PBFNotifyLoadingViewTools.m; sourceTree = "<group>"; };
		B627E2751CF606E8007081FB /* PBFNotifyToastViewTools.h */ = {isa = PBXFileReference; fileEncoding = 4; lastKnownFileType = sourcecode.c.h; path = PBFNotifyToastViewTools.h; sourceTree = "<group>"; };
		B627E2761CF606E8007081FB /* PBFNotifyToastViewTools.m */ = {isa = PBXFileReference; fileEncoding = 4; lastKnownFileType = sourcecode.c.objc; path = PBFNotifyToastViewTools.m; sourceTree = "<group>"; };
		B627E2781CF606E8007081FB /* PBFORMTools.h */ = {isa = PBXFileReference; fileEncoding = 4; lastKnownFileType = sourcecode.c.h; path = PBFORMTools.h; sourceTree = "<group>"; };
		B627E2791CF606E8007081FB /* PBFORMTools.m */ = {isa = PBXFileReference; fileEncoding = 4; lastKnownFileType = sourcecode.c.objc; path = PBFORMTools.m; sourceTree = "<group>"; };
		B627E27B1CF606E8007081FB /* PBFPopInputView.h */ = {isa = PBXFileReference; fileEncoding = 4; lastKnownFileType = sourcecode.c.h; path = PBFPopInputView.h; sourceTree = "<group>"; };
		B627E27C1CF606E8007081FB /* PBFPopInputView.m */ = {isa = PBXFileReference; fileEncoding = 4; lastKnownFileType = sourcecode.c.objc; path = PBFPopInputView.m; sourceTree = "<group>"; };
		B627E27E1CF606E8007081FB /* PBFProgressCircleView.h */ = {isa = PBXFileReference; fileEncoding = 4; lastKnownFileType = sourcecode.c.h; path = PBFProgressCircleView.h; sourceTree = "<group>"; };
		B627E27F1CF606E8007081FB /* PBFProgressCircleView.m */ = {isa = PBXFileReference; fileEncoding = 4; lastKnownFileType = sourcecode.c.objc; path = PBFProgressCircleView.m; sourceTree = "<group>"; };
		B627E2811CF606E8007081FB /* PBFQRCodeGenerator.h */ = {isa = PBXFileReference; fileEncoding = 4; lastKnownFileType = sourcecode.c.h; path = PBFQRCodeGenerator.h; sourceTree = "<group>"; };
		B627E2821CF606E8007081FB /* PBFQRCodeGenerator.m */ = {isa = PBXFileReference; fileEncoding = 4; lastKnownFileType = sourcecode.c.objc; path = PBFQRCodeGenerator.m; sourceTree = "<group>"; };
		B627E2831CF606E8007081FB /* PBFQRCodeScanner.h */ = {isa = PBXFileReference; fileEncoding = 4; lastKnownFileType = sourcecode.c.h; path = PBFQRCodeScanner.h; sourceTree = "<group>"; };
		B627E2841CF606E8007081FB /* PBFQRCodeScanner.m */ = {isa = PBXFileReference; fileEncoding = 4; lastKnownFileType = sourcecode.c.objc; path = PBFQRCodeScanner.m; sourceTree = "<group>"; };
		B627E2861CF606E8007081FB /* bitstream.c */ = {isa = PBXFileReference; fileEncoding = 4; lastKnownFileType = sourcecode.c.c; path = bitstream.c; sourceTree = "<group>"; };
		B627E2871CF606E8007081FB /* bitstream.h */ = {isa = PBXFileReference; fileEncoding = 4; lastKnownFileType = sourcecode.c.h; path = bitstream.h; sourceTree = "<group>"; };
		B627E2881CF606E8007081FB /* mask.c */ = {isa = PBXFileReference; fileEncoding = 4; lastKnownFileType = sourcecode.c.c; path = mask.c; sourceTree = "<group>"; };
		B627E2891CF606E8007081FB /* mask.h */ = {isa = PBXFileReference; fileEncoding = 4; lastKnownFileType = sourcecode.c.h; path = mask.h; sourceTree = "<group>"; };
		B627E28A1CF606E8007081FB /* mmask.c */ = {isa = PBXFileReference; fileEncoding = 4; lastKnownFileType = sourcecode.c.c; path = mmask.c; sourceTree = "<group>"; };
		B627E28B1CF606E8007081FB /* mmask.h */ = {isa = PBXFileReference; fileEncoding = 4; lastKnownFileType = sourcecode.c.h; path = mmask.h; sourceTree = "<group>"; };
		B627E28C1CF606E8007081FB /* mqrspec.c */ = {isa = PBXFileReference; fileEncoding = 4; lastKnownFileType = sourcecode.c.c; path = mqrspec.c; sourceTree = "<group>"; };
		B627E28D1CF606E8007081FB /* mqrspec.h */ = {isa = PBXFileReference; fileEncoding = 4; lastKnownFileType = sourcecode.c.h; path = mqrspec.h; sourceTree = "<group>"; };
		B627E28E1CF606E8007081FB /* qrconfig.h */ = {isa = PBXFileReference; fileEncoding = 4; lastKnownFileType = sourcecode.c.h; path = qrconfig.h; sourceTree = "<group>"; };
		B627E28F1CF606E8007081FB /* qrencode.c */ = {isa = PBXFileReference; fileEncoding = 4; lastKnownFileType = sourcecode.c.c; path = qrencode.c; sourceTree = "<group>"; };
		B627E2901CF606E8007081FB /* qrencode.h */ = {isa = PBXFileReference; fileEncoding = 4; lastKnownFileType = sourcecode.c.h; path = qrencode.h; sourceTree = "<group>"; };
		B627E2911CF606E8007081FB /* qrencode_inner.h */ = {isa = PBXFileReference; fileEncoding = 4; lastKnownFileType = sourcecode.c.h; path = qrencode_inner.h; sourceTree = "<group>"; };
		B627E2921CF606E8007081FB /* qrinput.c */ = {isa = PBXFileReference; fileEncoding = 4; lastKnownFileType = sourcecode.c.c; path = qrinput.c; sourceTree = "<group>"; };
		B627E2931CF606E8007081FB /* qrinput.h */ = {isa = PBXFileReference; fileEncoding = 4; lastKnownFileType = sourcecode.c.h; path = qrinput.h; sourceTree = "<group>"; };
		B627E2941CF606E8007081FB /* qrspec.c */ = {isa = PBXFileReference; fileEncoding = 4; lastKnownFileType = sourcecode.c.c; path = qrspec.c; sourceTree = "<group>"; };
		B627E2951CF606E8007081FB /* qrspec.h */ = {isa = PBXFileReference; fileEncoding = 4; lastKnownFileType = sourcecode.c.h; path = qrspec.h; sourceTree = "<group>"; };
		B627E2961CF606E8007081FB /* rscode.c */ = {isa = PBXFileReference; fileEncoding = 4; lastKnownFileType = sourcecode.c.c; path = rscode.c; sourceTree = "<group>"; };
		B627E2971CF606E8007081FB /* rscode.h */ = {isa = PBXFileReference; fileEncoding = 4; lastKnownFileType = sourcecode.c.h; path = rscode.h; sourceTree = "<group>"; };
		B627E2981CF606E8007081FB /* split.c */ = {isa = PBXFileReference; fileEncoding = 4; lastKnownFileType = sourcecode.c.c; path = split.c; sourceTree = "<group>"; };
		B627E2991CF606E8007081FB /* split.h */ = {isa = PBXFileReference; fileEncoding = 4; lastKnownFileType = sourcecode.c.h; path = split.h; sourceTree = "<group>"; };
		B627E29B1CF606E8007081FB /* PBFScrollFlowView.h */ = {isa = PBXFileReference; fileEncoding = 4; lastKnownFileType = sourcecode.c.h; path = PBFScrollFlowView.h; sourceTree = "<group>"; };
		B627E29C1CF606E8007081FB /* PBFScrollFlowView.m */ = {isa = PBXFileReference; fileEncoding = 4; lastKnownFileType = sourcecode.c.objc; path = PBFScrollFlowView.m; sourceTree = "<group>"; };
		B627E29E1CF606E8007081FB /* PBFSimplePieChartView.h */ = {isa = PBXFileReference; fileEncoding = 4; lastKnownFileType = sourcecode.c.h; path = PBFSimplePieChartView.h; sourceTree = "<group>"; };
		B627E29F1CF606E8007081FB /* PBFSimplePieChartView.m */ = {isa = PBXFileReference; fileEncoding = 4; lastKnownFileType = sourcecode.c.objc; path = PBFSimplePieChartView.m; sourceTree = "<group>"; };
		B627E2A11CF606E8007081FB /* PBFSpringEffectAlertView.h */ = {isa = PBXFileReference; fileEncoding = 4; lastKnownFileType = sourcecode.c.h; path = PBFSpringEffectAlertView.h; sourceTree = "<group>"; };
		B627E2A21CF606E8007081FB /* PBFSpringEffectAlertView.m */ = {isa = PBXFileReference; fileEncoding = 4; lastKnownFileType = sourcecode.c.objc; path = PBFSpringEffectAlertView.m; sourceTree = "<group>"; };
		B627E2A41CF606E8007081FB /* PBFTableViewEmptyNotify.h */ = {isa = PBXFileReference; fileEncoding = 4; lastKnownFileType = sourcecode.c.h; path = PBFTableViewEmptyNotify.h; sourceTree = "<group>"; };
		B627E2A51CF606E8007081FB /* PBFTableViewEmptyNotify.m */ = {isa = PBXFileReference; fileEncoding = 4; lastKnownFileType = sourcecode.c.objc; path = PBFTableViewEmptyNotify.m; sourceTree = "<group>"; };
		B627E2A61CF606E8007081FB /* UITableView+EmptyImage.h */ = {isa = PBXFileReference; fileEncoding = 4; lastKnownFileType = sourcecode.c.h; path = "UITableView+EmptyImage.h"; sourceTree = "<group>"; };
		B627E2A71CF606E8007081FB /* UITableView+EmptyImage.m */ = {isa = PBXFileReference; fileEncoding = 4; lastKnownFileType = sourcecode.c.objc; path = "UITableView+EmptyImage.m"; sourceTree = "<group>"; };
		B627E2A81CF606E8007081FB /* UITableView+EmptyText.h */ = {isa = PBXFileReference; fileEncoding = 4; lastKnownFileType = sourcecode.c.h; path = "UITableView+EmptyText.h"; sourceTree = "<group>"; };
		B627E2A91CF606E8007081FB /* UITableView+EmptyText.m */ = {isa = PBXFileReference; fileEncoding = 4; lastKnownFileType = sourcecode.c.objc; path = "UITableView+EmptyText.m"; sourceTree = "<group>"; };
		B627E2AB1CF606E8007081FB /* PBFTabPageFlow.h */ = {isa = PBXFileReference; fileEncoding = 4; lastKnownFileType = sourcecode.c.h; path = PBFTabPageFlow.h; sourceTree = "<group>"; };
		B627E2AC1CF606E8007081FB /* PBFTabPageFlow.m */ = {isa = PBXFileReference; fileEncoding = 4; lastKnownFileType = sourcecode.c.objc; path = PBFTabPageFlow.m; sourceTree = "<group>"; };
		B627E2AE1CF606E8007081FB /* PBFUITextFieldAdditionFinishedBtn.h */ = {isa = PBXFileReference; fileEncoding = 4; lastKnownFileType = sourcecode.c.h; path = PBFUITextFieldAdditionFinishedBtn.h; sourceTree = "<group>"; };
		B627E2AF1CF606E8007081FB /* PBFUITextFieldAdditionFinishedBtn.m */ = {isa = PBXFileReference; fileEncoding = 4; lastKnownFileType = sourcecode.c.objc; path = PBFUITextFieldAdditionFinishedBtn.m; sourceTree = "<group>"; };
		B627E2B01CF606E8007081FB /* PBFUITextFieldAdditionPickup.h */ = {isa = PBXFileReference; fileEncoding = 4; lastKnownFileType = sourcecode.c.h; path = PBFUITextFieldAdditionPickup.h; sourceTree = "<group>"; };
		B627E2B11CF606E8007081FB /* PBFUITextFieldAdditionPickup.m */ = {isa = PBXFileReference; fileEncoding = 4; lastKnownFileType = sourcecode.c.objc; path = PBFUITextFieldAdditionPickup.m; sourceTree = "<group>"; };
		B627E2B21CF606E8007081FB /* PBFUITextFieldStratageMaxLength.h */ = {isa = PBXFileReference; fileEncoding = 4; lastKnownFileType = sourcecode.c.h; path = PBFUITextFieldStratageMaxLength.h; sourceTree = "<group>"; };
		B627E2B31CF606E8007081FB /* PBFUITextFieldStratageMaxLength.m */ = {isa = PBXFileReference; fileEncoding = 4; lastKnownFileType = sourcecode.c.objc; path = PBFUITextFieldStratageMaxLength.m; sourceTree = "<group>"; };
		B627E2B41CF606E8007081FB /* PBFUITextFieldStratageMinlength.h */ = {isa = PBXFileReference; fileEncoding = 4; lastKnownFileType = sourcecode.c.h; path = PBFUITextFieldStratageMinlength.h; sourceTree = "<group>"; };
		B627E2B51CF606E8007081FB /* PBFUITextFieldStratageMinlength.m */ = {isa = PBXFileReference; fileEncoding = 4; lastKnownFileType = sourcecode.c.objc; path = PBFUITextFieldStratageMinlength.m; sourceTree = "<group>"; };
		B627E2B61CF606E8007081FB /* PBFUITextFieldStratageRegex.h */ = {isa = PBXFileReference; fileEncoding = 4; lastKnownFileType = sourcecode.c.h; path = PBFUITextFieldStratageRegex.h; sourceTree = "<group>"; };
		B627E2B71CF606E8007081FB /* PBFUITextFieldStratageRegex.m */ = {isa = PBXFileReference; fileEncoding = 4; lastKnownFileType = sourcecode.c.objc; path = PBFUITextFieldStratageRegex.m; sourceTree = "<group>"; };
		B627E2B81CF606E8007081FB /* PBFUITextFieldVerify.h */ = {isa = PBXFileReference; fileEncoding = 4; lastKnownFileType = sourcecode.c.h; path = PBFUITextFieldVerify.h; sourceTree = "<group>"; };
		B627E2B91CF606E8007081FB /* PBFUITextFieldVerify.m */ = {isa = PBXFileReference; fileEncoding = 4; lastKnownFileType = sourcecode.c.objc; path = PBFUITextFieldVerify.m; sourceTree = "<group>"; };
		B627E2BB1CF606E8007081FB /* PBFViewTools.h */ = {isa = PBXFileReference; fileEncoding = 4; lastKnownFileType = sourcecode.c.h; path = PBFViewTools.h; sourceTree = "<group>"; };
		B627E2BC1CF606E8007081FB /* PBFViewTools.m */ = {isa = PBXFileReference; fileEncoding = 4; lastKnownFileType = sourcecode.c.objc; path = PBFViewTools.m; sourceTree = "<group>"; };
		CAEC37524EC2EB1881AB9796 /* Pods.release.xcconfig */ = {isa = PBXFileReference; includeInIndex = 1; lastKnownFileType = text.xcconfig; name = Pods.release.xcconfig; path = "Pods/Target Support Files/Pods/Pods.release.xcconfig"; sourceTree = "<group>"; };
		E53EB08769A498C8281BC1E7 /* libPods.a */ = {isa = PBXFileReference; explicitFileType = archive.ar; includeInIndex = 0; path = libPods.a; sourceTree = BUILT_PRODUCTS_DIR; };
		FBEFE29C0482E6C609707804 /* Pods.debug.xcconfig */ = {isa = PBXFileReference; includeInIndex = 1; lastKnownFileType = text.xcconfig; name = Pods.debug.xcconfig; path = "Pods/Target Support Files/Pods/Pods.debug.xcconfig"; sourceTree = "<group>"; };
/* End PBXFileReference section */

/* Begin PBXFrameworksBuildPhase section */
		7CE476CA1CBF945A006B6716 /* Frameworks */ = {
			isa = PBXFrameworksBuildPhase;
			buildActionMask = 2147483647;
			files = (
				EBD17475E2CCDA4D2BC7BBF9 /* libPods.a in Frameworks */,
			);
			runOnlyForDeploymentPostprocessing = 0;
		};
		7CE476E31CBF945A006B6716 /* Frameworks */ = {
			isa = PBXFrameworksBuildPhase;
			buildActionMask = 2147483647;
			files = (
			);
			runOnlyForDeploymentPostprocessing = 0;
		};
		7CE476EE1CBF945A006B6716 /* Frameworks */ = {
			isa = PBXFrameworksBuildPhase;
			buildActionMask = 2147483647;
			files = (
			);
			runOnlyForDeploymentPostprocessing = 0;
		};
/* End PBXFrameworksBuildPhase section */

/* Begin PBXGroup section */
		7CE476C41CBF945A006B6716 = {
			isa = PBXGroup;
			children = (
				B627E2341CF606E8007081FB /* PBFBaseTools */,
				7CE476CF1CBF945A006B6716 /* PBFBaseToolsDemo */,
				7CE476E91CBF945A006B6716 /* PBFBaseToolsDemoTests */,
				7CE476F41CBF945A006B6716 /* PBFBaseToolsDemoUITests */,
				7CE476CE1CBF945A006B6716 /* Products */,
				B7D642791993E0E62AF9561F /* Pods */,
				F153FB9810F7797C282CF50F /* Frameworks */,
			);
			sourceTree = "<group>";
		};
		7CE476CE1CBF945A006B6716 /* Products */ = {
			isa = PBXGroup;
			children = (
				7CE476CD1CBF945A006B6716 /* PBFBaseToolsDemo.app */,
				7CE476E61CBF945A006B6716 /* PBFBaseToolsDemoTests.xctest */,
				7CE476F11CBF945A006B6716 /* PBFBaseToolsDemoUITests.xctest */,
			);
			name = Products;
			sourceTree = "<group>";
		};
		7CE476CF1CBF945A006B6716 /* PBFBaseToolsDemo */ = {
			isa = PBXGroup;
			children = (
				7CE476D31CBF945A006B6716 /* AppDelegate.h */,
				7CE476D41CBF945A006B6716 /* AppDelegate.m */,
				7CE476D61CBF945A006B6716 /* ViewController.h */,
				7CE476D71CBF945A006B6716 /* ViewController.m */,
				7CE476D91CBF945A006B6716 /* Main.storyboard */,
				7CE476DC1CBF945A006B6716 /* Assets.xcassets */,
				7CE476DE1CBF945A006B6716 /* LaunchScreen.storyboard */,
				7CE476E11CBF945A006B6716 /* Info.plist */,
				7CE476D01CBF945A006B6716 /* Supporting Files */,
			);
			path = PBFBaseToolsDemo;
			sourceTree = "<group>";
		};
		7CE476D01CBF945A006B6716 /* Supporting Files */ = {
			isa = PBXGroup;
			children = (
				7CE476D11CBF945A006B6716 /* main.m */,
			);
			name = "Supporting Files";
			sourceTree = "<group>";
		};
		7CE476E91CBF945A006B6716 /* PBFBaseToolsDemoTests */ = {
			isa = PBXGroup;
			children = (
				7CE476EA1CBF945A006B6716 /* PBFBaseToolsDemoTests.m */,
				7CFE27C11CE48BB400FB11C5 /* PBFORMToolsTests.m */,
				7CE476EC1CBF945A006B6716 /* Info.plist */,
			);
			path = PBFBaseToolsDemoTests;
			sourceTree = "<group>";
		};
		7CE476F41CBF945A006B6716 /* PBFBaseToolsDemoUITests */ = {
			isa = PBXGroup;
			children = (
				7CE476F51CBF945A006B6716 /* PBFBaseToolsDemoUITests.m */,
				7CE476F71CBF945A006B6716 /* Info.plist */,
			);
			path = PBFBaseToolsDemoUITests;
			sourceTree = "<group>";
		};
		B627E2341CF606E8007081FB /* PBFBaseTools */ = {
			isa = PBXGroup;
			children = (
				B627E2351CF606E8007081FB /* PBFBaseTools.h */,
				B627E2361CF606E8007081FB /* PBFBasisTools */,
				B627E2411CF606E8007081FB /* PBFBrowserTools */,
				B627E2461CF606E8007081FB /* PBFButtonVerifyCode */,
				B627E2491CF606E8007081FB /* PBFContextGraphics */,
				B627E24C1CF606E8007081FB /* PBFDesBase64Tools */,
				B627E2541CF606E8007081FB /* PBFDeviceTools */,
				B627E2571CF606E8007081FB /* PBFDropSelectBoxTools */,
				B627E25A1CF606E8007081FB /* PBFErrorTools */,
				B627E25D1CF606E8007081FB /* PBFImageTools */,
				B627E2621CF606E8007081FB /* PBFLabel */,
				B627E2671CF606E8007081FB /* PBFLoadingPage */,
				B627E26A1CF606E8007081FB /* PBFMacro */,
				B627E26D1CF606E8007081FB /* PBFNotificationTopBar */,
				B627E2701CF606E8007081FB /* PBFNotifyTools */,
				B627E2771CF606E8007081FB /* PBFORMTools */,
				B627E27A1CF606E8007081FB /* PBFPopInputView */,
				B627E27D1CF606E8007081FB /* PBFProgressCircleView */,
				B627E2801CF606E8007081FB /* PBFQRCodeTools */,
				B627E29A1CF606E8007081FB /* PBFScrollFlowView */,
				B627E29D1CF606E8007081FB /* PBFSimplePieChartView */,
				B627E2A01CF606E8007081FB /* PBFSpringEffectAlertView */,
				B627E2A31CF606E8007081FB /* PBFTableViewTools */,
				B627E2AA1CF606E8007081FB /* PBFTabPageFlow */,
				B627E2AD1CF606E8007081FB /* PBFTextField */,
				B627E2BA1CF606E8007081FB /* PBFViewTools */,
			);
			path = PBFBaseTools;
			sourceTree = "<group>";
		};
		B627E2361CF606E8007081FB /* PBFBasisTools */ = {
			isa = PBXGroup;
			children = (
				B627E2371CF606E8007081FB /* PBFColorTools.h */,
				B627E2381CF606E8007081FB /* PBFColorTools.m */,
				B627E2391CF606E8007081FB /* PBFConvert.h */,
				B627E23A1CF606E8007081FB /* PBFConvert.m */,
				B627E23B1CF606E8007081FB /* PBFDateTools.h */,
				B627E23C1CF606E8007081FB /* PBFDateTools.m */,
				B627E23D1CF606E8007081FB /* PBFNSStringTools.h */,
				B627E23E1CF606E8007081FB /* PBFNSStringTools.m */,
				B627E23F1CF606E8007081FB /* PBFNumberTools.h */,
				B627E2401CF606E8007081FB /* PBFNumberTools.m */,
			);
			path = PBFBasisTools;
			sourceTree = "<group>";
		};
		B627E2411CF606E8007081FB /* PBFBrowserTools */ = {
			isa = PBXGroup;
			children = (
				B627E2421CF606E8007081FB /* PBFBrowserTools.h */,
				B627E2431CF606E8007081FB /* PBFBrowserTools.m */,
				B627E2441CF606E8007081FB /* PBFBrowserViewCtrl.h */,
				B627E2451CF606E8007081FB /* PBFBrowserViewCtrl.m */,
			);
			path = PBFBrowserTools;
			sourceTree = "<group>";
		};
		B627E2461CF606E8007081FB /* PBFButtonVerifyCode */ = {
			isa = PBXGroup;
			children = (
				B627E2471CF606E8007081FB /* PBFButtonVerifyCode.h */,
				B627E2481CF606E8007081FB /* PBFButtonVerifyCode.m */,
			);
			path = PBFButtonVerifyCode;
			sourceTree = "<group>";
		};
		B627E2491CF606E8007081FB /* PBFContextGraphics */ = {
			isa = PBXGroup;
			children = (
				B627E24A1CF606E8007081FB /* PBFContextGraphicsTools.h */,
				B627E24B1CF606E8007081FB /* PBFContextGraphicsTools.m */,
			);
			path = PBFContextGraphics;
			sourceTree = "<group>";
		};
		B627E24C1CF606E8007081FB /* PBFDesBase64Tools */ = {
			isa = PBXGroup;
			children = (
				B627E24D1CF606E8007081FB /* GTMBase64 */,
				B627E2521CF606E8007081FB /* PBFDesEncrypt.h */,
				B627E2531CF606E8007081FB /* PBFDesEncrypt.m */,
			);
			path = PBFDesBase64Tools;
			sourceTree = "<group>";
		};
		B627E24D1CF606E8007081FB /* GTMBase64 */ = {
			isa = PBXGroup;
			children = (
				B627E24E1CF606E8007081FB /* GTMBase64.h */,
				B627E24F1CF606E8007081FB /* GTMBase64.m */,
				B627E2501CF606E8007081FB /* GTMDefines.h */,
				B627E2511CF606E8007081FB /* README.md */,
			);
			path = GTMBase64;
			sourceTree = "<group>";
		};
		B627E2541CF606E8007081FB /* PBFDeviceTools */ = {
			isa = PBXGroup;
			children = (
				B627E2551CF606E8007081FB /* PBFDeviceTools.h */,
				B627E2561CF606E8007081FB /* PBFDeviceTools.m */,
			);
			path = PBFDeviceTools;
			sourceTree = "<group>";
		};
		B627E2571CF606E8007081FB /* PBFDropSelectBoxTools */ = {
			isa = PBXGroup;
			children = (
				B627E2581CF606E8007081FB /* PBFDropSelectBoxView.h */,
				B627E2591CF606E8007081FB /* PBFDropSelectBoxView.m */,
			);
			path = PBFDropSelectBoxTools;
			sourceTree = "<group>";
		};
		B627E25A1CF606E8007081FB /* PBFErrorTools */ = {
			isa = PBXGroup;
			children = (
				B627E25B1CF606E8007081FB /* PBFErrorTools.h */,
				B627E25C1CF606E8007081FB /* PBFErrorTools.m */,
			);
			path = PBFErrorTools;
			sourceTree = "<group>";
		};
		B627E25D1CF606E8007081FB /* PBFImageTools */ = {
			isa = PBXGroup;
			children = (
				B627E25E1CF606E8007081FB /* PBFImageObtainTools.h */,
				B627E25F1CF606E8007081FB /* PBFImageObtainTools.m */,
				B627E2601CF606E8007081FB /* PBFImageProminent.h */,
				B627E2611CF606E8007081FB /* PBFImageProminent.m */,
			);
			path = PBFImageTools;
			sourceTree = "<group>";
		};
		B627E2621CF606E8007081FB /* PBFLabel */ = {
			isa = PBXGroup;
			children = (
				B627E2631CF606E8007081FB /* PBFLabelCountBackwards.h */,
				B627E2641CF606E8007081FB /* PBFLabelCountBackwards.m */,
				B627E2651CF606E8007081FB /* PBFLabelCountBackwardsSimple.h */,
				B627E2661CF606E8007081FB /* PBFLabelCountBackwardsSimple.m */,
			);
			path = PBFLabel;
			sourceTree = "<group>";
		};
		B627E2671CF606E8007081FB /* PBFLoadingPage */ = {
			isa = PBXGroup;
			children = (
				B627E2681CF606E8007081FB /* PBFAPPLoadingPages.h */,
				B627E2691CF606E8007081FB /* PBFAPPLoadingPages.m */,
			);
			path = PBFLoadingPage;
			sourceTree = "<group>";
		};
		B627E26A1CF606E8007081FB /* PBFMacro */ = {
			isa = PBXGroup;
			children = (
				B627E26B1CF606E8007081FB /* PBFMacroData.h */,
				B627E26C1CF606E8007081FB /* PBFMacroView.h */,
			);
			path = PBFMacro;
			sourceTree = "<group>";
		};
		B627E26D1CF606E8007081FB /* PBFNotificationTopBar */ = {
			isa = PBXGroup;
			children = (
				B627E26E1CF606E8007081FB /* PBFNotificationTopBar.h */,
				B627E26F1CF606E8007081FB /* PBFNotificationTopBar.m */,
			);
			path = PBFNotificationTopBar;
			sourceTree = "<group>";
		};
		B627E2701CF606E8007081FB /* PBFNotifyTools */ = {
			isa = PBXGroup;
			children = (
				B627E2711CF606E8007081FB /* PBFNotifyAlertViewTools.h */,
				B627E2721CF606E8007081FB /* PBFNotifyAlertViewTools.m */,
				B627E2731CF606E8007081FB /* PBFNotifyLoadingViewTools.h */,
				B627E2741CF606E8007081FB /* PBFNotifyLoadingViewTools.m */,
				B627E2751CF606E8007081FB /* PBFNotifyToastViewTools.h */,
				B627E2761CF606E8007081FB /* PBFNotifyToastViewTools.m */,
			);
			path = PBFNotifyTools;
			sourceTree = "<group>";
		};
		B627E2771CF606E8007081FB /* PBFORMTools */ = {
			isa = PBXGroup;
			children = (
				B627E2781CF606E8007081FB /* PBFORMTools.h */,
				B627E2791CF606E8007081FB /* PBFORMTools.m */,
			);
			path = PBFORMTools;
			sourceTree = "<group>";
		};
		B627E27A1CF606E8007081FB /* PBFPopInputView */ = {
			isa = PBXGroup;
			children = (
				B627E27B1CF606E8007081FB /* PBFPopInputView.h */,
				B627E27C1CF606E8007081FB /* PBFPopInputView.m */,
			);
			path = PBFPopInputView;
			sourceTree = "<group>";
		};
		B627E27D1CF606E8007081FB /* PBFProgressCircleView */ = {
			isa = PBXGroup;
			children = (
				B627E27E1CF606E8007081FB /* PBFProgressCircleView.h */,
				B627E27F1CF606E8007081FB /* PBFProgressCircleView.m */,
			);
			path = PBFProgressCircleView;
			sourceTree = "<group>";
		};
		B627E2801CF606E8007081FB /* PBFQRCodeTools */ = {
			isa = PBXGroup;
			children = (
				B627E2811CF606E8007081FB /* PBFQRCodeGenerator.h */,
				B627E2821CF606E8007081FB /* PBFQRCodeGenerator.m */,
				B627E2831CF606E8007081FB /* PBFQRCodeScanner.h */,
				B627E2841CF606E8007081FB /* PBFQRCodeScanner.m */,
				B627E2851CF606E8007081FB /* QRCodeLib */,
			);
			path = PBFQRCodeTools;
			sourceTree = "<group>";
		};
		B627E2851CF606E8007081FB /* QRCodeLib */ = {
			isa = PBXGroup;
			children = (
				B627E2861CF606E8007081FB /* bitstream.c */,
				B627E2871CF606E8007081FB /* bitstream.h */,
				B627E2881CF606E8007081FB /* mask.c */,
				B627E2891CF606E8007081FB /* mask.h */,
				B627E28A1CF606E8007081FB /* mmask.c */,
				B627E28B1CF606E8007081FB /* mmask.h */,
				B627E28C1CF606E8007081FB /* mqrspec.c */,
				B627E28D1CF606E8007081FB /* mqrspec.h */,
				B627E28E1CF606E8007081FB /* qrconfig.h */,
				B627E28F1CF606E8007081FB /* qrencode.c */,
				B627E2901CF606E8007081FB /* qrencode.h */,
				B627E2911CF606E8007081FB /* qrencode_inner.h */,
				B627E2921CF606E8007081FB /* qrinput.c */,
				B627E2931CF606E8007081FB /* qrinput.h */,
				B627E2941CF606E8007081FB /* qrspec.c */,
				B627E2951CF606E8007081FB /* qrspec.h */,
				B627E2961CF606E8007081FB /* rscode.c */,
				B627E2971CF606E8007081FB /* rscode.h */,
				B627E2981CF606E8007081FB /* split.c */,
				B627E2991CF606E8007081FB /* split.h */,
			);
			path = QRCodeLib;
			sourceTree = "<group>";
		};
		B627E29A1CF606E8007081FB /* PBFScrollFlowView */ = {
			isa = PBXGroup;
			children = (
				B627E29B1CF606E8007081FB /* PBFScrollFlowView.h */,
				B627E29C1CF606E8007081FB /* PBFScrollFlowView.m */,
			);
			path = PBFScrollFlowView;
			sourceTree = "<group>";
		};
		B627E29D1CF606E8007081FB /* PBFSimplePieChartView */ = {
			isa = PBXGroup;
			children = (
				B627E29E1CF606E8007081FB /* PBFSimplePieChartView.h */,
				B627E29F1CF606E8007081FB /* PBFSimplePieChartView.m */,
			);
			path = PBFSimplePieChartView;
			sourceTree = "<group>";
		};
		B627E2A01CF606E8007081FB /* PBFSpringEffectAlertView */ = {
			isa = PBXGroup;
			children = (
				B627E2A11CF606E8007081FB /* PBFSpringEffectAlertView.h */,
				B627E2A21CF606E8007081FB /* PBFSpringEffectAlertView.m */,
			);
			path = PBFSpringEffectAlertView;
			sourceTree = "<group>";
		};
		B627E2A31CF606E8007081FB /* PBFTableViewTools */ = {
			isa = PBXGroup;
			children = (
				B627E2A41CF606E8007081FB /* PBFTableViewEmptyNotify.h */,
				B627E2A51CF606E8007081FB /* PBFTableViewEmptyNotify.m */,
				B627E2A61CF606E8007081FB /* UITableView+EmptyImage.h */,
				B627E2A71CF606E8007081FB /* UITableView+EmptyImage.m */,
				B627E2A81CF606E8007081FB /* UITableView+EmptyText.h */,
				B627E2A91CF606E8007081FB /* UITableView+EmptyText.m */,
			);
			path = PBFTableViewTools;
			sourceTree = "<group>";
		};
		B627E2AA1CF606E8007081FB /* PBFTabPageFlow */ = {
			isa = PBXGroup;
			children = (
				B627E2AB1CF606E8007081FB /* PBFTabPageFlow.h */,
				B627E2AC1CF606E8007081FB /* PBFTabPageFlow.m */,
			);
			path = PBFTabPageFlow;
			sourceTree = "<group>";
		};
		B627E2AD1CF606E8007081FB /* PBFTextField */ = {
			isa = PBXGroup;
			children = (
				B627E2AE1CF606E8007081FB /* PBFUITextFieldAdditionFinishedBtn.h */,
				B627E2AF1CF606E8007081FB /* PBFUITextFieldAdditionFinishedBtn.m */,
				B627E2B01CF606E8007081FB /* PBFUITextFieldAdditionPickup.h */,
				B627E2B11CF606E8007081FB /* PBFUITextFieldAdditionPickup.m */,
				B627E2B21CF606E8007081FB /* PBFUITextFieldStratageMaxLength.h */,
				B627E2B31CF606E8007081FB /* PBFUITextFieldStratageMaxLength.m */,
				B627E2B41CF606E8007081FB /* PBFUITextFieldStratageMinlength.h */,
				B627E2B51CF606E8007081FB /* PBFUITextFieldStratageMinlength.m */,
				B627E2B61CF606E8007081FB /* PBFUITextFieldStratageRegex.h */,
				B627E2B71CF606E8007081FB /* PBFUITextFieldStratageRegex.m */,
				B627E2B81CF606E8007081FB /* PBFUITextFieldVerify.h */,
				B627E2B91CF606E8007081FB /* PBFUITextFieldVerify.m */,
			);
			path = PBFTextField;
			sourceTree = "<group>";
		};
		B627E2BA1CF606E8007081FB /* PBFViewTools */ = {
			isa = PBXGroup;
			children = (
				B627E2BB1CF606E8007081FB /* PBFViewTools.h */,
				B627E2BC1CF606E8007081FB /* PBFViewTools.m */,
			);
			path = PBFViewTools;
			sourceTree = "<group>";
		};
		B7D642791993E0E62AF9561F /* Pods */ = {
			isa = PBXGroup;
			children = (
				FBEFE29C0482E6C609707804 /* Pods.debug.xcconfig */,
				CAEC37524EC2EB1881AB9796 /* Pods.release.xcconfig */,
			);
			name = Pods;
			sourceTree = "<group>";
		};
		F153FB9810F7797C282CF50F /* Frameworks */ = {
			isa = PBXGroup;
			children = (
				E53EB08769A498C8281BC1E7 /* libPods.a */,
			);
			name = Frameworks;
			sourceTree = "<group>";
		};
/* End PBXGroup section */

/* Begin PBXNativeTarget section */
		7CE476CC1CBF945A006B6716 /* PBFBaseToolsDemo */ = {
			isa = PBXNativeTarget;
			buildConfigurationList = 7CE476FA1CBF945A006B6716 /* Build configuration list for PBXNativeTarget "PBFBaseToolsDemo" */;
			buildPhases = (
				AE3170EFF4F0A9B4BFE6569B /* Check Pods Manifest.lock */,
				7CE476C91CBF945A006B6716 /* Sources */,
				7CE476CA1CBF945A006B6716 /* Frameworks */,
				7CE476CB1CBF945A006B6716 /* Resources */,
				9A10BB5622D890BE12CC6F55 /* Embed Pods Frameworks */,
				09E51038B7942688F927586C /* Copy Pods Resources */,
			);
			buildRules = (
			);
			dependencies = (
			);
			name = PBFBaseToolsDemo;
			productName = PBFBaseToolsDemo;
			productReference = 7CE476CD1CBF945A006B6716 /* PBFBaseToolsDemo.app */;
			productType = "com.apple.product-type.application";
		};
		7CE476E51CBF945A006B6716 /* PBFBaseToolsDemoTests */ = {
			isa = PBXNativeTarget;
			buildConfigurationList = 7CE476FD1CBF945A006B6716 /* Build configuration list for PBXNativeTarget "PBFBaseToolsDemoTests" */;
			buildPhases = (
				7CE476E21CBF945A006B6716 /* Sources */,
				7CE476E31CBF945A006B6716 /* Frameworks */,
				7CE476E41CBF945A006B6716 /* Resources */,
			);
			buildRules = (
			);
			dependencies = (
				7CE476E81CBF945A006B6716 /* PBXTargetDependency */,
			);
			name = PBFBaseToolsDemoTests;
			productName = PBFBaseToolsDemoTests;
			productReference = 7CE476E61CBF945A006B6716 /* PBFBaseToolsDemoTests.xctest */;
			productType = "com.apple.product-type.bundle.unit-test";
		};
		7CE476F01CBF945A006B6716 /* PBFBaseToolsDemoUITests */ = {
			isa = PBXNativeTarget;
			buildConfigurationList = 7CE477001CBF945A006B6716 /* Build configuration list for PBXNativeTarget "PBFBaseToolsDemoUITests" */;
			buildPhases = (
				7CE476ED1CBF945A006B6716 /* Sources */,
				7CE476EE1CBF945A006B6716 /* Frameworks */,
				7CE476EF1CBF945A006B6716 /* Resources */,
			);
			buildRules = (
			);
			dependencies = (
				7CE476F31CBF945A006B6716 /* PBXTargetDependency */,
			);
			name = PBFBaseToolsDemoUITests;
			productName = PBFBaseToolsDemoUITests;
			productReference = 7CE476F11CBF945A006B6716 /* PBFBaseToolsDemoUITests.xctest */;
			productType = "com.apple.product-type.bundle.ui-testing";
		};
/* End PBXNativeTarget section */

/* Begin PBXProject section */
		7CE476C51CBF945A006B6716 /* Project object */ = {
			isa = PBXProject;
			attributes = {
				LastUpgradeCheck = 0730;
				ORGANIZATIONNAME = "BY-MAC01";
				TargetAttributes = {
					7CE476CC1CBF945A006B6716 = {
						CreatedOnToolsVersion = 7.3;
					};
					7CE476E51CBF945A006B6716 = {
						CreatedOnToolsVersion = 7.3;
						TestTargetID = 7CE476CC1CBF945A006B6716;
					};
					7CE476F01CBF945A006B6716 = {
						CreatedOnToolsVersion = 7.3;
						TestTargetID = 7CE476CC1CBF945A006B6716;
					};
				};
			};
			buildConfigurationList = 7CE476C81CBF945A006B6716 /* Build configuration list for PBXProject "PBFBaseToolsDemo" */;
			compatibilityVersion = "Xcode 3.2";
			developmentRegion = English;
			hasScannedForEncodings = 0;
			knownRegions = (
				en,
				Base,
			);
			mainGroup = 7CE476C41CBF945A006B6716;
			productRefGroup = 7CE476CE1CBF945A006B6716 /* Products */;
			projectDirPath = "";
			projectRoot = "";
			targets = (
				7CE476CC1CBF945A006B6716 /* PBFBaseToolsDemo */,
				7CE476E51CBF945A006B6716 /* PBFBaseToolsDemoTests */,
				7CE476F01CBF945A006B6716 /* PBFBaseToolsDemoUITests */,
			);
		};
/* End PBXProject section */

/* Begin PBXResourcesBuildPhase section */
		7CE476CB1CBF945A006B6716 /* Resources */ = {
			isa = PBXResourcesBuildPhase;
			buildActionMask = 2147483647;
			files = (
				7CE476E01CBF945A006B6716 /* LaunchScreen.storyboard in Resources */,
				7CE476DD1CBF945A006B6716 /* Assets.xcassets in Resources */,
				7CE476DB1CBF945A006B6716 /* Main.storyboard in Resources */,
			);
			runOnlyForDeploymentPostprocessing = 0;
		};
		7CE476E41CBF945A006B6716 /* Resources */ = {
			isa = PBXResourcesBuildPhase;
			buildActionMask = 2147483647;
			files = (
			);
			runOnlyForDeploymentPostprocessing = 0;
		};
		7CE476EF1CBF945A006B6716 /* Resources */ = {
			isa = PBXResourcesBuildPhase;
			buildActionMask = 2147483647;
			files = (
			);
			runOnlyForDeploymentPostprocessing = 0;
		};
/* End PBXResourcesBuildPhase section */

/* Begin PBXShellScriptBuildPhase section */
		09E51038B7942688F927586C /* Copy Pods Resources */ = {
			isa = PBXShellScriptBuildPhase;
			buildActionMask = 2147483647;
			files = (
			);
			inputPaths = (
			);
			name = "Copy Pods Resources";
			outputPaths = (
			);
			runOnlyForDeploymentPostprocessing = 0;
			shellPath = /bin/sh;
			shellScript = "\"${SRCROOT}/Pods/Target Support Files/Pods/Pods-resources.sh\"\n";
			showEnvVarsInLog = 0;
		};
		9A10BB5622D890BE12CC6F55 /* Embed Pods Frameworks */ = {
			isa = PBXShellScriptBuildPhase;
			buildActionMask = 2147483647;
			files = (
			);
			inputPaths = (
			);
			name = "Embed Pods Frameworks";
			outputPaths = (
			);
			runOnlyForDeploymentPostprocessing = 0;
			shellPath = /bin/sh;
			shellScript = "\"${SRCROOT}/Pods/Target Support Files/Pods/Pods-frameworks.sh\"\n";
			showEnvVarsInLog = 0;
		};
		AE3170EFF4F0A9B4BFE6569B /* Check Pods Manifest.lock */ = {
			isa = PBXShellScriptBuildPhase;
			buildActionMask = 2147483647;
			files = (
			);
			inputPaths = (
			);
			name = "Check Pods Manifest.lock";
			outputPaths = (
			);
			runOnlyForDeploymentPostprocessing = 0;
			shellPath = /bin/sh;
			shellScript = "diff \"${PODS_ROOT}/../Podfile.lock\" \"${PODS_ROOT}/Manifest.lock\" > /dev/null\nif [[ $? != 0 ]] ; then\n    cat << EOM\nerror: The sandbox is not in sync with the Podfile.lock. Run 'pod install' or update your CocoaPods installation.\nEOM\n    exit 1\nfi\n";
			showEnvVarsInLog = 0;
		};
/* End PBXShellScriptBuildPhase section */

/* Begin PBXSourcesBuildPhase section */
		7CE476C91CBF945A006B6716 /* Sources */ = {
			isa = PBXSourcesBuildPhase;
			buildActionMask = 2147483647;
			files = (
				B627E2E21CF606E8007081FB /* split.c in Sources */,
				B627E2BF1CF606E8007081FB /* PBFDateTools.m in Sources */,
				B627E2EA1CF606E8007081FB /* PBFUITextFieldAdditionFinishedBtn.m in Sources */,
				B627E2D31CF606E8007081FB /* PBFNotifyLoadingViewTools.m in Sources */,
				B627E2D11CF606E8007081FB /* PBFNotificationTopBar.m in Sources */,
				B627E2EC1CF606E8007081FB /* PBFUITextFieldStratageMaxLength.m in Sources */,
				B627E2E51CF606E8007081FB /* PBFSpringEffectAlertView.m in Sources */,
				B627E2C41CF606E8007081FB /* PBFButtonVerifyCode.m in Sources */,
				B627E2E01CF606E8007081FB /* qrspec.c in Sources */,
				B627E2EF1CF606E8007081FB /* PBFUITextFieldVerify.m in Sources */,
				B627E2DA1CF606E8007081FB /* bitstream.c in Sources */,
				B627E2C81CF606E8007081FB /* PBFDesEncrypt.m in Sources */,
				B627E2CE1CF606E8007081FB /* PBFLabelCountBackwards.m in Sources */,
				B627E2EE1CF606E8007081FB /* PBFUITextFieldStratageRegex.m in Sources */,
				B627E2DE1CF606E8007081FB /* qrencode.c in Sources */,
				B627E2E31CF606E8007081FB /* PBFScrollFlowView.m in Sources */,
				B627E2F01CF606E8007081FB /* PBFViewTools.m in Sources */,
				B627E2BE1CF606E8007081FB /* PBFConvert.m in Sources */,
				B627E2C91CF606E8007081FB /* PBFDeviceTools.m in Sources */,
				7CE476D81CBF945A006B6716 /* ViewController.m in Sources */,
				B627E2C31CF606E8007081FB /* PBFBrowserViewCtrl.m in Sources */,
				B627E2D41CF606E8007081FB /* PBFNotifyToastViewTools.m in Sources */,
				7CE476D51CBF945A006B6716 /* AppDelegate.m in Sources */,
				B627E2BD1CF606E8007081FB /* PBFColorTools.m in Sources */,
				B627E2D91CF606E8007081FB /* PBFQRCodeScanner.m in Sources */,
				B627E2DC1CF606E8007081FB /* mmask.c in Sources */,
				B627E2CD1CF606E8007081FB /* PBFImageProminent.m in Sources */,
				B627E2C11CF606E8007081FB /* PBFNumberTools.m in Sources */,
				B627E2D01CF606E8007081FB /* PBFAPPLoadingPages.m in Sources */,
				B627E2D21CF606E8007081FB /* PBFNotifyAlertViewTools.m in Sources */,
				B627E2E61CF606E8007081FB /* PBFTableViewEmptyNotify.m in Sources */,
				7CE476D21CBF945A006B6716 /* main.m in Sources */,
				B627E2CB1CF606E8007081FB /* PBFErrorTools.m in Sources */,
				B627E2D51CF606E8007081FB /* PBFORMTools.m in Sources */,
				B627E2CF1CF606E8007081FB /* PBFLabelCountBackwardsSimple.m in Sources */,
				B627E2ED1CF606E8007081FB /* PBFUITextFieldStratageMinlength.m in Sources */,
				B627E2C01CF606E8007081FB /* PBFNSStringTools.m in Sources */,
				B627E2D81CF606E8007081FB /* PBFQRCodeGenerator.m in Sources */,
				B627E2E41CF606E8007081FB /* PBFSimplePieChartView.m in Sources */,
				B627E2DB1CF606E8007081FB /* mask.c in Sources */,
				B627E2C71CF606E8007081FB /* README.md in Sources */,
				B627E2C61CF606E8007081FB /* GTMBase64.m in Sources */,
				B627E2DD1CF606E8007081FB /* mqrspec.c in Sources */,
				B627E2EB1CF606E8007081FB /* PBFUITextFieldAdditionPickup.m in Sources */,
				B627E2DF1CF606E8007081FB /* qrinput.c in Sources */,
				B627E2E11CF606E8007081FB /* rscode.c in Sources */,
				B627E2D71CF606E8007081FB /* PBFProgressCircleView.m in Sources */,
				B627E2C21CF606E8007081FB /* PBFBrowserTools.m in Sources */,
				B627E2E71CF606E8007081FB /* UITableView+EmptyImage.m in Sources */,
				B627E2CA1CF606E8007081FB /* PBFDropSelectBoxView.m in Sources */,
				B627E2CC1CF606E8007081FB /* PBFImageObtainTools.m in Sources */,
				B627E2E81CF606E8007081FB /* UITableView+EmptyText.m in Sources */,
				B627E2D61CF606E8007081FB /* PBFPopInputView.m in Sources */,
				B627E2C51CF606E8007081FB /* PBFContextGraphicsTools.m in Sources */,
				B627E2E91CF606E8007081FB /* PBFTabPageFlow.m in Sources */,
			);
			runOnlyForDeploymentPostprocessing = 0;
		};
		7CE476E21CBF945A006B6716 /* Sources */ = {
			isa = PBXSourcesBuildPhase;
			buildActionMask = 2147483647;
			files = (
				7CE476EB1CBF945A006B6716 /* PBFBaseToolsDemoTests.m in Sources */,
				7CFE27C21CE48BB400FB11C5 /* PBFORMToolsTests.m in Sources */,
			);
			runOnlyForDeploymentPostprocessing = 0;
		};
		7CE476ED1CBF945A006B6716 /* Sources */ = {
			isa = PBXSourcesBuildPhase;
			buildActionMask = 2147483647;
			files = (
				7CE476F61CBF945A006B6716 /* PBFBaseToolsDemoUITests.m in Sources */,
			);
			runOnlyForDeploymentPostprocessing = 0;
		};
/* End PBXSourcesBuildPhase section */

/* Begin PBXTargetDependency section */
		7CE476E81CBF945A006B6716 /* PBXTargetDependency */ = {
			isa = PBXTargetDependency;
			target = 7CE476CC1CBF945A006B6716 /* PBFBaseToolsDemo */;
			targetProxy = 7CE476E71CBF945A006B6716 /* PBXContainerItemProxy */;
		};
		7CE476F31CBF945A006B6716 /* PBXTargetDependency */ = {
			isa = PBXTargetDependency;
			target = 7CE476CC1CBF945A006B6716 /* PBFBaseToolsDemo */;
			targetProxy = 7CE476F21CBF945A006B6716 /* PBXContainerItemProxy */;
		};
/* End PBXTargetDependency section */

/* Begin PBXVariantGroup section */
		7CE476D91CBF945A006B6716 /* Main.storyboard */ = {
			isa = PBXVariantGroup;
			children = (
				7CE476DA1CBF945A006B6716 /* Base */,
			);
			name = Main.storyboard;
			sourceTree = "<group>";
		};
		7CE476DE1CBF945A006B6716 /* LaunchScreen.storyboard */ = {
			isa = PBXVariantGroup;
			children = (
				7CE476DF1CBF945A006B6716 /* Base */,
			);
			name = LaunchScreen.storyboard;
			sourceTree = "<group>";
		};
/* End PBXVariantGroup section */

/* Begin XCBuildConfiguration section */
		7CE476F81CBF945A006B6716 /* Debug */ = {
			isa = XCBuildConfiguration;
			buildSettings = {
				ALWAYS_SEARCH_USER_PATHS = NO;
				CLANG_ANALYZER_NONNULL = YES;
				CLANG_CXX_LANGUAGE_STANDARD = "gnu++0x";
				CLANG_CXX_LIBRARY = "libc++";
				CLANG_ENABLE_MODULES = YES;
				CLANG_ENABLE_OBJC_ARC = YES;
				CLANG_WARN_BOOL_CONVERSION = YES;
				CLANG_WARN_CONSTANT_CONVERSION = YES;
				CLANG_WARN_DIRECT_OBJC_ISA_USAGE = YES_ERROR;
				CLANG_WARN_EMPTY_BODY = YES;
				CLANG_WARN_ENUM_CONVERSION = YES;
				CLANG_WARN_INT_CONVERSION = YES;
				CLANG_WARN_OBJC_ROOT_CLASS = YES_ERROR;
				CLANG_WARN_UNREACHABLE_CODE = YES;
				CLANG_WARN__DUPLICATE_METHOD_MATCH = YES;
				"CODE_SIGN_IDENTITY[sdk=iphoneos*]" = "iPhone Developer";
				COPY_PHASE_STRIP = NO;
				DEBUG_INFORMATION_FORMAT = dwarf;
				ENABLE_STRICT_OBJC_MSGSEND = YES;
				ENABLE_TESTABILITY = YES;
				GCC_C_LANGUAGE_STANDARD = gnu99;
				GCC_DYNAMIC_NO_PIC = NO;
				GCC_NO_COMMON_BLOCKS = YES;
				GCC_OPTIMIZATION_LEVEL = 0;
				GCC_PREPROCESSOR_DEFINITIONS = (
					"DEBUG=1",
					"$(inherited)",
				);
				GCC_WARN_64_TO_32_BIT_CONVERSION = YES;
				GCC_WARN_ABOUT_RETURN_TYPE = YES_ERROR;
				GCC_WARN_UNDECLARED_SELECTOR = YES;
				GCC_WARN_UNINITIALIZED_AUTOS = YES_AGGRESSIVE;
				GCC_WARN_UNUSED_FUNCTION = YES;
				GCC_WARN_UNUSED_VARIABLE = YES;
				IPHONEOS_DEPLOYMENT_TARGET = 9.3;
				MTL_ENABLE_DEBUG_INFO = YES;
				ONLY_ACTIVE_ARCH = YES;
				SDKROOT = iphoneos;
				TARGETED_DEVICE_FAMILY = "1,2";
			};
			name = Debug;
		};
		7CE476F91CBF945A006B6716 /* Release */ = {
			isa = XCBuildConfiguration;
			buildSettings = {
				ALWAYS_SEARCH_USER_PATHS = NO;
				CLANG_ANALYZER_NONNULL = YES;
				CLANG_CXX_LANGUAGE_STANDARD = "gnu++0x";
				CLANG_CXX_LIBRARY = "libc++";
				CLANG_ENABLE_MODULES = YES;
				CLANG_ENABLE_OBJC_ARC = YES;
				CLANG_WARN_BOOL_CONVERSION = YES;
				CLANG_WARN_CONSTANT_CONVERSION = YES;
				CLANG_WARN_DIRECT_OBJC_ISA_USAGE = YES_ERROR;
				CLANG_WARN_EMPTY_BODY = YES;
				CLANG_WARN_ENUM_CONVERSION = YES;
				CLANG_WARN_INT_CONVERSION = YES;
				CLANG_WARN_OBJC_ROOT_CLASS = YES_ERROR;
				CLANG_WARN_UNREACHABLE_CODE = YES;
				CLANG_WARN__DUPLICATE_METHOD_MATCH = YES;
				"CODE_SIGN_IDENTITY[sdk=iphoneos*]" = "iPhone Developer";
				COPY_PHASE_STRIP = NO;
				DEBUG_INFORMATION_FORMAT = "dwarf-with-dsym";
				ENABLE_NS_ASSERTIONS = NO;
				ENABLE_STRICT_OBJC_MSGSEND = YES;
				GCC_C_LANGUAGE_STANDARD = gnu99;
				GCC_NO_COMMON_BLOCKS = YES;
				GCC_WARN_64_TO_32_BIT_CONVERSION = YES;
				GCC_WARN_ABOUT_RETURN_TYPE = YES_ERROR;
				GCC_WARN_UNDECLARED_SELECTOR = YES;
				GCC_WARN_UNINITIALIZED_AUTOS = YES_AGGRESSIVE;
				GCC_WARN_UNUSED_FUNCTION = YES;
				GCC_WARN_UNUSED_VARIABLE = YES;
				IPHONEOS_DEPLOYMENT_TARGET = 9.3;
				MTL_ENABLE_DEBUG_INFO = NO;
				SDKROOT = iphoneos;
				TARGETED_DEVICE_FAMILY = "1,2";
				VALIDATE_PRODUCT = YES;
			};
			name = Release;
		};
		7CE476FB1CBF945A006B6716 /* Debug */ = {
			isa = XCBuildConfiguration;
			baseConfigurationReference = FBEFE29C0482E6C609707804 /* Pods.debug.xcconfig */;
			buildSettings = {
				ASSETCATALOG_COMPILER_APPICON_NAME = AppIcon;
				CODE_SIGN_IDENTITY = "iPhone Developer";
				GCC_PREPROCESSOR_DEFINITIONS = HAVE_CONFIG_H;
				INFOPLIST_FILE = PBFBaseToolsDemo/Info.plist;
				LD_RUNPATH_SEARCH_PATHS = "$(inherited) @executable_path/Frameworks";
				PRODUCT_BUNDLE_IDENTIFIER = com.boying.PBFBaseToolsDemo;
				PRODUCT_NAME = "$(TARGET_NAME)";
			};
			name = Debug;
		};
		7CE476FC1CBF945A006B6716 /* Release */ = {
			isa = XCBuildConfiguration;
			baseConfigurationReference = CAEC37524EC2EB1881AB9796 /* Pods.release.xcconfig */;
			buildSettings = {
				ASSETCATALOG_COMPILER_APPICON_NAME = AppIcon;
				CODE_SIGN_IDENTITY = "iPhone Distribution";
				GCC_PREPROCESSOR_DEFINITIONS = HAVE_CONFIG_H;
				INFOPLIST_FILE = PBFBaseToolsDemo/Info.plist;
				LD_RUNPATH_SEARCH_PATHS = "$(inherited) @executable_path/Frameworks";
				PRODUCT_BUNDLE_IDENTIFIER = com.boying.PBFBaseToolsDemo;
				PRODUCT_NAME = "$(TARGET_NAME)";
			};
			name = Release;
		};
		7CE476FE1CBF945A006B6716 /* Debug */ = {
			isa = XCBuildConfiguration;
			buildSettings = {
				BUNDLE_LOADER = "$(TEST_HOST)";
				INFOPLIST_FILE = PBFBaseToolsDemoTests/Info.plist;
				LD_RUNPATH_SEARCH_PATHS = "$(inherited) @executable_path/Frameworks @loader_path/Frameworks";
				PRODUCT_BUNDLE_IDENTIFIER = com.boying.PBFBaseToolsDemoTests;
				PRODUCT_NAME = "$(TARGET_NAME)";
				TEST_HOST = "$(BUILT_PRODUCTS_DIR)/PBFBaseToolsDemo.app/PBFBaseToolsDemo";
			};
			name = Debug;
		};
		7CE476FF1CBF945A006B6716 /* Release */ = {
			isa = XCBuildConfiguration;
			buildSettings = {
				BUNDLE_LOADER = "$(TEST_HOST)";
				INFOPLIST_FILE = PBFBaseToolsDemoTests/Info.plist;
				LD_RUNPATH_SEARCH_PATHS = "$(inherited) @executable_path/Frameworks @loader_path/Frameworks";
				PRODUCT_BUNDLE_IDENTIFIER = com.boying.PBFBaseToolsDemoTests;
				PRODUCT_NAME = "$(TARGET_NAME)";
				TEST_HOST = "$(BUILT_PRODUCTS_DIR)/PBFBaseToolsDemo.app/PBFBaseToolsDemo";
			};
			name = Release;
		};
		7CE477011CBF945A006B6716 /* Debug */ = {
			isa = XCBuildConfiguration;
			buildSettings = {
				INFOPLIST_FILE = PBFBaseToolsDemoUITests/Info.plist;
				LD_RUNPATH_SEARCH_PATHS = "$(inherited) @executable_path/Frameworks @loader_path/Frameworks";
				PRODUCT_BUNDLE_IDENTIFIER = com.boying.PBFBaseToolsDemoUITests;
				PRODUCT_NAME = "$(TARGET_NAME)";
				TEST_TARGET_NAME = PBFBaseToolsDemo;
			};
			name = Debug;
		};
		7CE477021CBF945A006B6716 /* Release */ = {
			isa = XCBuildConfiguration;
			buildSettings = {
				INFOPLIST_FILE = PBFBaseToolsDemoUITests/Info.plist;
				LD_RUNPATH_SEARCH_PATHS = "$(inherited) @executable_path/Frameworks @loader_path/Frameworks";
				PRODUCT_BUNDLE_IDENTIFIER = com.boying.PBFBaseToolsDemoUITests;
				PRODUCT_NAME = "$(TARGET_NAME)";
				TEST_TARGET_NAME = PBFBaseToolsDemo;
			};
			name = Release;
		};
/* End XCBuildConfiguration section */

/* Begin XCConfigurationList section */
		7CE476C81CBF945A006B6716 /* Build configuration list for PBXProject "PBFBaseToolsDemo" */ = {
			isa = XCConfigurationList;
			buildConfigurations = (
				7CE476F81CBF945A006B6716 /* Debug */,
				7CE476F91CBF945A006B6716 /* Release */,
			);
			defaultConfigurationIsVisible = 0;
			defaultConfigurationName = Release;
		};
		7CE476FA1CBF945A006B6716 /* Build configuration list for PBXNativeTarget "PBFBaseToolsDemo" */ = {
			isa = XCConfigurationList;
			buildConfigurations = (
				7CE476FB1CBF945A006B6716 /* Debug */,
				7CE476FC1CBF945A006B6716 /* Release */,
			);
			defaultConfigurationIsVisible = 0;
			defaultConfigurationName = Release;
		};
		7CE476FD1CBF945A006B6716 /* Build configuration list for PBXNativeTarget "PBFBaseToolsDemoTests" */ = {
			isa = XCConfigurationList;
			buildConfigurations = (
				7CE476FE1CBF945A006B6716 /* Debug */,
				7CE476FF1CBF945A006B6716 /* Release */,
			);
			defaultConfigurationIsVisible = 0;
			defaultConfigurationName = Release;
		};
		7CE477001CBF945A006B6716 /* Build configuration list for PBXNativeTarget "PBFBaseToolsDemoUITests" */ = {
			isa = XCConfigurationList;
			buildConfigurations = (
				7CE477011CBF945A006B6716 /* Debug */,
				7CE477021CBF945A006B6716 /* Release */,
			);
			defaultConfigurationIsVisible = 0;
			defaultConfigurationName = Release;
		};
/* End XCConfigurationList section */
	};
	rootObject = 7CE476C51CBF945A006B6716 /* Project object */;
}
