// !$*UTF8*$!
{
	archiveVersion = 1;
	classes = {
	};
	objectVersion = 46;
	objects = {

/* Begin PBXBuildFile section */
		7C1268EC1CEC0B270012AE57 /* PBFViewTools.m in Sources */ = {isa = PBXBuildFile; fileRef = 7C1268EB1CEC0B270012AE57 /* PBFViewTools.m */; };
		7C203DFC1CF457D100D554D5 /* PBFDropSelectBoxView.m in Sources */ = {isa = PBXBuildFile; fileRef = 7C203DFB1CF457D100D554D5 /* PBFDropSelectBoxView.m */; };
		7CE476D21CBF945A006B6716 /* main.m in Sources */ = {isa = PBXBuildFile; fileRef = 7CE476D11CBF945A006B6716 /* main.m */; };
		7CE476D51CBF945A006B6716 /* AppDelegate.m in Sources */ = {isa = PBXBuildFile; fileRef = 7CE476D41CBF945A006B6716 /* AppDelegate.m */; };
		7CE476D81CBF945A006B6716 /* ViewController.m in Sources */ = {isa = PBXBuildFile; fileRef = 7CE476D71CBF945A006B6716 /* ViewController.m */; };
		7CE476DB1CBF945A006B6716 /* Main.storyboard in Resources */ = {isa = PBXBuildFile; fileRef = 7CE476D91CBF945A006B6716 /* Main.storyboard */; };
		7CE476DD1CBF945A006B6716 /* Assets.xcassets in Resources */ = {isa = PBXBuildFile; fileRef = 7CE476DC1CBF945A006B6716 /* Assets.xcassets */; };
		7CE476E01CBF945A006B6716 /* LaunchScreen.storyboard in Resources */ = {isa = PBXBuildFile; fileRef = 7CE476DE1CBF945A006B6716 /* LaunchScreen.storyboard */; };
		7CE476EB1CBF945A006B6716 /* PBFBaseToolsDemoTests.m in Sources */ = {isa = PBXBuildFile; fileRef = 7CE476EA1CBF945A006B6716 /* PBFBaseToolsDemoTests.m */; };
		7CE476F61CBF945A006B6716 /* PBFBaseToolsDemoUITests.m in Sources */ = {isa = PBXBuildFile; fileRef = 7CE476F51CBF945A006B6716 /* PBFBaseToolsDemoUITests.m */; };
		7CE4777F1CBF94D4006B6716 /* PBFColorTools.m in Sources */ = {isa = PBXBuildFile; fileRef = 7CE477091CBF94D3006B6716 /* PBFColorTools.m */; };
		7CE477801CBF94D4006B6716 /* PBFConvert.m in Sources */ = {isa = PBXBuildFile; fileRef = 7CE4770B1CBF94D3006B6716 /* PBFConvert.m */; };
		7CE477811CBF94D4006B6716 /* PBFDateTools.m in Sources */ = {isa = PBXBuildFile; fileRef = 7CE4770D1CBF94D3006B6716 /* PBFDateTools.m */; };
		7CE477821CBF94D4006B6716 /* PBFNSStringTools.m in Sources */ = {isa = PBXBuildFile; fileRef = 7CE4770F1CBF94D3006B6716 /* PBFNSStringTools.m */; };
		7CE477831CBF94D4006B6716 /* PBFNumberTools.m in Sources */ = {isa = PBXBuildFile; fileRef = 7CE477111CBF94D3006B6716 /* PBFNumberTools.m */; };
		7CE477841CBF94D4006B6716 /* PBFBrowserTools.m in Sources */ = {isa = PBXBuildFile; fileRef = 7CE477141CBF94D3006B6716 /* PBFBrowserTools.m */; };
		7CE477851CBF94D4006B6716 /* PBFBrowserViewCtrl.m in Sources */ = {isa = PBXBuildFile; fileRef = 7CE477161CBF94D3006B6716 /* PBFBrowserViewCtrl.m */; };
		7CE477861CBF94D4006B6716 /* PBFButtonVerifyCode.m in Sources */ = {isa = PBXBuildFile; fileRef = 7CE477191CBF94D3006B6716 /* PBFButtonVerifyCode.m */; };
		7CE477871CBF94D4006B6716 /* PBFContextGraphicsTools.m in Sources */ = {isa = PBXBuildFile; fileRef = 7CE4771C1CBF94D3006B6716 /* PBFContextGraphicsTools.m */; };
		7CE477881CBF94D4006B6716 /* GTMBase64.m in Sources */ = {isa = PBXBuildFile; fileRef = 7CE477201CBF94D3006B6716 /* GTMBase64.m */; settings = {COMPILER_FLAGS = "-fno-objc-arc"; }; };
		7CE477891CBF94D4006B6716 /* README.md in Sources */ = {isa = PBXBuildFile; fileRef = 7CE477221CBF94D3006B6716 /* README.md */; };
		7CE4778A1CBF94D4006B6716 /* PBFDesEncrypt.m in Sources */ = {isa = PBXBuildFile; fileRef = 7CE477241CBF94D3006B6716 /* PBFDesEncrypt.m */; };
		7CE4778B1CBF94D4006B6716 /* PBFDeviceTools.m in Sources */ = {isa = PBXBuildFile; fileRef = 7CE477271CBF94D3006B6716 /* PBFDeviceTools.m */; };
		7CE4778C1CBF94D4006B6716 /* PBFErrorTools.m in Sources */ = {isa = PBXBuildFile; fileRef = 7CE4772A1CBF94D3006B6716 /* PBFErrorTools.m */; };
		7CE4778D1CBF94D4006B6716 /* PBFImageObtainTools.m in Sources */ = {isa = PBXBuildFile; fileRef = 7CE4772D1CBF94D3006B6716 /* PBFImageObtainTools.m */; };
		7CE4778E1CBF94D4006B6716 /* PBFImageProminent.m in Sources */ = {isa = PBXBuildFile; fileRef = 7CE4772F1CBF94D3006B6716 /* PBFImageProminent.m */; };
		7CE4778F1CBF94D4006B6716 /* PBFLabelCountBackwards.m in Sources */ = {isa = PBXBuildFile; fileRef = 7CE477321CBF94D3006B6716 /* PBFLabelCountBackwards.m */; };
		7CE477901CBF94D4006B6716 /* PBFLabelCountBackwardsSimple.m in Sources */ = {isa = PBXBuildFile; fileRef = 7CE477341CBF94D3006B6716 /* PBFLabelCountBackwardsSimple.m */; };
		7CE477911CBF94D4006B6716 /* PBFAPPLoadingPages.m in Sources */ = {isa = PBXBuildFile; fileRef = 7CE477371CBF94D3006B6716 /* PBFAPPLoadingPages.m */; };
		7CE477921CBF94D4006B6716 /* PBFNotificationTopBar.m in Sources */ = {isa = PBXBuildFile; fileRef = 7CE4773A1CBF94D3006B6716 /* PBFNotificationTopBar.m */; };
		7CE477931CBF94D4006B6716 /* PBFPopInputView.m in Sources */ = {isa = PBXBuildFile; fileRef = 7CE4773D1CBF94D3006B6716 /* PBFPopInputView.m */; };
		7CE477941CBF94D4006B6716 /* PBFProgressCircleView.m in Sources */ = {isa = PBXBuildFile; fileRef = 7CE477401CBF94D3006B6716 /* PBFProgressCircleView.m */; };
		7CE477951CBF94D4006B6716 /* PBFQRCodeGenerator.m in Sources */ = {isa = PBXBuildFile; fileRef = 7CE477431CBF94D3006B6716 /* PBFQRCodeGenerator.m */; };
		7CE477961CBF94D4006B6716 /* PBFQRCodeScanner.m in Sources */ = {isa = PBXBuildFile; fileRef = 7CE477451CBF94D3006B6716 /* PBFQRCodeScanner.m */; };
		7CE477971CBF94D4006B6716 /* bitstream.c in Sources */ = {isa = PBXBuildFile; fileRef = 7CE477471CBF94D3006B6716 /* bitstream.c */; };
		7CE477981CBF94D4006B6716 /* mask.c in Sources */ = {isa = PBXBuildFile; fileRef = 7CE477491CBF94D3006B6716 /* mask.c */; };
		7CE477991CBF94D4006B6716 /* mmask.c in Sources */ = {isa = PBXBuildFile; fileRef = 7CE4774B1CBF94D3006B6716 /* mmask.c */; };
		7CE4779A1CBF94D4006B6716 /* mqrspec.c in Sources */ = {isa = PBXBuildFile; fileRef = 7CE4774D1CBF94D3006B6716 /* mqrspec.c */; };
		7CE4779B1CBF94D4006B6716 /* qrencode.c in Sources */ = {isa = PBXBuildFile; fileRef = 7CE477501CBF94D3006B6716 /* qrencode.c */; };
		7CE4779C1CBF94D4006B6716 /* qrinput.c in Sources */ = {isa = PBXBuildFile; fileRef = 7CE477531CBF94D3006B6716 /* qrinput.c */; };
		7CE4779D1CBF94D4006B6716 /* qrspec.c in Sources */ = {isa = PBXBuildFile; fileRef = 7CE477551CBF94D3006B6716 /* qrspec.c */; };
		7CE4779E1CBF94D4006B6716 /* rscode.c in Sources */ = {isa = PBXBuildFile; fileRef = 7CE477571CBF94D3006B6716 /* rscode.c */; };
		7CE4779F1CBF94D4006B6716 /* split.c in Sources */ = {isa = PBXBuildFile; fileRef = 7CE477591CBF94D3006B6716 /* split.c */; };
		7CE477A01CBF94D4006B6716 /* PBFScrollFlowView.m in Sources */ = {isa = PBXBuildFile; fileRef = 7CE4775D1CBF94D3006B6716 /* PBFScrollFlowView.m */; };
		7CE477A11CBF94D4006B6716 /* PBFSimplePieChartView.m in Sources */ = {isa = PBXBuildFile; fileRef = 7CE477601CBF94D3006B6716 /* PBFSimplePieChartView.m */; };
		7CE477A21CBF94D4006B6716 /* PBFSpringEffectAlertView.m in Sources */ = {isa = PBXBuildFile; fileRef = 7CE477631CBF94D3006B6716 /* PBFSpringEffectAlertView.m */; };
		7CE477A31CBF94D4006B6716 /* PBFTableViewEmptyNotify.m in Sources */ = {isa = PBXBuildFile; fileRef = 7CE477661CBF94D3006B6716 /* PBFTableViewEmptyNotify.m */; };
		7CE477A41CBF94D4006B6716 /* UITableView+EmptyImage.m in Sources */ = {isa = PBXBuildFile; fileRef = 7CE477681CBF94D4006B6716 /* UITableView+EmptyImage.m */; };
		7CE477A51CBF94D4006B6716 /* UITableView+EmptyText.m in Sources */ = {isa = PBXBuildFile; fileRef = 7CE4776A1CBF94D4006B6716 /* UITableView+EmptyText.m */; };
		7CE477A61CBF94D4006B6716 /* PBFTabPageFlow.m in Sources */ = {isa = PBXBuildFile; fileRef = 7CE4776D1CBF94D4006B6716 /* PBFTabPageFlow.m */; };
		7CE477A71CBF94D4006B6716 /* PBFUITextFieldAdditionFinishedBtn.m in Sources */ = {isa = PBXBuildFile; fileRef = 7CE477701CBF94D4006B6716 /* PBFUITextFieldAdditionFinishedBtn.m */; };
		7CE477A81CBF94D4006B6716 /* PBFUITextFieldAdditionPickup.m in Sources */ = {isa = PBXBuildFile; fileRef = 7CE477721CBF94D4006B6716 /* PBFUITextFieldAdditionPickup.m */; };
		7CE477A91CBF94D4006B6716 /* PBFUITextFieldStratageMaxLength.m in Sources */ = {isa = PBXBuildFile; fileRef = 7CE477741CBF94D4006B6716 /* PBFUITextFieldStratageMaxLength.m */; };
		7CE477AA1CBF94D4006B6716 /* PBFUITextFieldStratageMinlength.m in Sources */ = {isa = PBXBuildFile; fileRef = 7CE477761CBF94D4006B6716 /* PBFUITextFieldStratageMinlength.m */; };
		7CE477AB1CBF94D4006B6716 /* PBFUITextFieldStratageRegex.m in Sources */ = {isa = PBXBuildFile; fileRef = 7CE477781CBF94D4006B6716 /* PBFUITextFieldStratageRegex.m */; };
		7CE477AC1CBF94D4006B6716 /* PBFUITextFieldVerify.m in Sources */ = {isa = PBXBuildFile; fileRef = 7CE4777A1CBF94D4006B6716 /* PBFUITextFieldVerify.m */; };
		7CE477B21CBF9F2C006B6716 /* PBFNotifyLoadingViewTools.m in Sources */ = {isa = PBXBuildFile; fileRef = 7CE477B11CBF9F2C006B6716 /* PBFNotifyLoadingViewTools.m */; };
		7CE477B51CBF9F83006B6716 /* PBFNotifyToastViewTools.m in Sources */ = {isa = PBXBuildFile; fileRef = 7CE477B41CBF9F83006B6716 /* PBFNotifyToastViewTools.m */; };
		7CE477B81CBF9FA8006B6716 /* PBFNotifyAlertViewTools.m in Sources */ = {isa = PBXBuildFile; fileRef = 7CE477B71CBF9FA8006B6716 /* PBFNotifyAlertViewTools.m */; };
		7CFE27C01CE4699400FB11C5 /* PBFORMTools.m in Sources */ = {isa = PBXBuildFile; fileRef = 7CFE27BF1CE4699400FB11C5 /* PBFORMTools.m */; };
		7CFE27C21CE48BB400FB11C5 /* PBFORMToolsTests.m in Sources */ = {isa = PBXBuildFile; fileRef = 7CFE27C11CE48BB400FB11C5 /* PBFORMToolsTests.m */; };
		EBD17475E2CCDA4D2BC7BBF9 /* libPods.a in Frameworks */ = {isa = PBXBuildFile; fileRef = E53EB08769A498C8281BC1E7 /* libPods.a */; };
/* End PBXBuildFile section */

/* Begin PBXContainerItemProxy section */
		7CE476E71CBF945A006B6716 /* PBXContainerItemProxy */ = {
			isa = PBXContainerItemProxy;
			containerPortal = 7CE476C51CBF945A006B6716 /* Project object */;
			proxyType = 1;
			remoteGlobalIDString = 7CE476CC1CBF945A006B6716;
			remoteInfo = PBFBaseToolsDemo;
		};
		7CE476F21CBF945A006B6716 /* PBXContainerItemProxy */ = {
			isa = PBXContainerItemProxy;
			containerPortal = 7CE476C51CBF945A006B6716 /* Project object */;
			proxyType = 1;
			remoteGlobalIDString = 7CE476CC1CBF945A006B6716;
			remoteInfo = PBFBaseToolsDemo;
		};
/* End PBXContainerItemProxy section */

/* Begin PBXFileReference section */
		7C1268EA1CEC0B270012AE57 /* PBFViewTools.h */ = {isa = PBXFileReference; fileEncoding = 4; lastKnownFileType = sourcecode.c.h; path = PBFViewTools.h; sourceTree = "<group>"; };
		7C1268EB1CEC0B270012AE57 /* PBFViewTools.m */ = {isa = PBXFileReference; fileEncoding = 4; lastKnownFileType = sourcecode.c.objc; path = PBFViewTools.m; sourceTree = "<group>"; };
		7C203DFA1CF457D100D554D5 /* PBFDropSelectBoxView.h */ = {isa = PBXFileReference; fileEncoding = 4; lastKnownFileType = sourcecode.c.h; path = PBFDropSelectBoxView.h; sourceTree = "<group>"; };
		7C203DFB1CF457D100D554D5 /* PBFDropSelectBoxView.m */ = {isa = PBXFileReference; fileEncoding = 4; lastKnownFileType = sourcecode.c.objc; path = PBFDropSelectBoxView.m; sourceTree = "<group>"; };
		7C203DFD1CF45F0C00D554D5 /* PBFViewMacro.h */ = {isa = PBXFileReference; lastKnownFileType = sourcecode.c.h; name = PBFViewMacro.h; path = ../PBFViewMacro.h; sourceTree = "<group>"; };
		7CE476CD1CBF945A006B6716 /* PBFBaseToolsDemo.app */ = {isa = PBXFileReference; explicitFileType = wrapper.application; includeInIndex = 0; path = PBFBaseToolsDemo.app; sourceTree = BUILT_PRODUCTS_DIR; };
		7CE476D11CBF945A006B6716 /* main.m */ = {isa = PBXFileReference; lastKnownFileType = sourcecode.c.objc; path = main.m; sourceTree = "<group>"; };
		7CE476D31CBF945A006B6716 /* AppDelegate.h */ = {isa = PBXFileReference; lastKnownFileType = sourcecode.c.h; path = AppDelegate.h; sourceTree = "<group>"; };
		7CE476D41CBF945A006B6716 /* AppDelegate.m */ = {isa = PBXFileReference; lastKnownFileType = sourcecode.c.objc; path = AppDelegate.m; sourceTree = "<group>"; };
		7CE476D61CBF945A006B6716 /* ViewController.h */ = {isa = PBXFileReference; lastKnownFileType = sourcecode.c.h; path = ViewController.h; sourceTree = "<group>"; };
		7CE476D71CBF945A006B6716 /* ViewController.m */ = {isa = PBXFileReference; lastKnownFileType = sourcecode.c.objc; path = ViewController.m; sourceTree = "<group>"; };
		7CE476DA1CBF945A006B6716 /* Base */ = {isa = PBXFileReference; lastKnownFileType = file.storyboard; name = Base; path = Base.lproj/Main.storyboard; sourceTree = "<group>"; };
		7CE476DC1CBF945A006B6716 /* Assets.xcassets */ = {isa = PBXFileReference; lastKnownFileType = folder.assetcatalog; path = Assets.xcassets; sourceTree = "<group>"; };
		7CE476DF1CBF945A006B6716 /* Base */ = {isa = PBXFileReference; lastKnownFileType = file.storyboard; name = Base; path = Base.lproj/LaunchScreen.storyboard; sourceTree = "<group>"; };
		7CE476E11CBF945A006B6716 /* Info.plist */ = {isa = PBXFileReference; lastKnownFileType = text.plist.xml; path = Info.plist; sourceTree = "<group>"; };
		7CE476E61CBF945A006B6716 /* PBFBaseToolsDemoTests.xctest */ = {isa = PBXFileReference; explicitFileType = wrapper.cfbundle; includeInIndex = 0; path = PBFBaseToolsDemoTests.xctest; sourceTree = BUILT_PRODUCTS_DIR; };
		7CE476EA1CBF945A006B6716 /* PBFBaseToolsDemoTests.m */ = {isa = PBXFileReference; lastKnownFileType = sourcecode.c.objc; path = PBFBaseToolsDemoTests.m; sourceTree = "<group>"; };
		7CE476EC1CBF945A006B6716 /* Info.plist */ = {isa = PBXFileReference; lastKnownFileType = text.plist.xml; path = Info.plist; sourceTree = "<group>"; };
		7CE476F11CBF945A006B6716 /* PBFBaseToolsDemoUITests.xctest */ = {isa = PBXFileReference; explicitFileType = wrapper.cfbundle; includeInIndex = 0; path = PBFBaseToolsDemoUITests.xctest; sourceTree = BUILT_PRODUCTS_DIR; };
		7CE476F51CBF945A006B6716 /* PBFBaseToolsDemoUITests.m */ = {isa = PBXFileReference; lastKnownFileType = sourcecode.c.objc; path = PBFBaseToolsDemoUITests.m; sourceTree = "<group>"; };
		7CE476F71CBF945A006B6716 /* Info.plist */ = {isa = PBXFileReference; lastKnownFileType = text.plist.xml; path = Info.plist; sourceTree = "<group>"; };
		7CE477081CBF94D3006B6716 /* PBFColorTools.h */ = {isa = PBXFileReference; fileEncoding = 4; lastKnownFileType = sourcecode.c.h; path = PBFColorTools.h; sourceTree = "<group>"; };
		7CE477091CBF94D3006B6716 /* PBFColorTools.m */ = {isa = PBXFileReference; fileEncoding = 4; lastKnownFileType = sourcecode.c.objc; path = PBFColorTools.m; sourceTree = "<group>"; };
		7CE4770A1CBF94D3006B6716 /* PBFConvert.h */ = {isa = PBXFileReference; fileEncoding = 4; lastKnownFileType = sourcecode.c.h; path = PBFConvert.h; sourceTree = "<group>"; };
		7CE4770B1CBF94D3006B6716 /* PBFConvert.m */ = {isa = PBXFileReference; fileEncoding = 4; lastKnownFileType = sourcecode.c.objc; path = PBFConvert.m; sourceTree = "<group>"; };
		7CE4770C1CBF94D3006B6716 /* PBFDateTools.h */ = {isa = PBXFileReference; fileEncoding = 4; lastKnownFileType = sourcecode.c.h; path = PBFDateTools.h; sourceTree = "<group>"; };
		7CE4770D1CBF94D3006B6716 /* PBFDateTools.m */ = {isa = PBXFileReference; fileEncoding = 4; lastKnownFileType = sourcecode.c.objc; path = PBFDateTools.m; sourceTree = "<group>"; };
		7CE4770E1CBF94D3006B6716 /* PBFNSStringTools.h */ = {isa = PBXFileReference; fileEncoding = 4; lastKnownFileType = sourcecode.c.h; path = PBFNSStringTools.h; sourceTree = "<group>"; };
		7CE4770F1CBF94D3006B6716 /* PBFNSStringTools.m */ = {isa = PBXFileReference; fileEncoding = 4; lastKnownFileType = sourcecode.c.objc; path = PBFNSStringTools.m; sourceTree = "<group>"; };
		7CE477101CBF94D3006B6716 /* PBFNumberTools.h */ = {isa = PBXFileReference; fileEncoding = 4; lastKnownFileType = sourcecode.c.h; path = PBFNumberTools.h; sourceTree = "<group>"; };
		7CE477111CBF94D3006B6716 /* PBFNumberTools.m */ = {isa = PBXFileReference; fileEncoding = 4; lastKnownFileType = sourcecode.c.objc; path = PBFNumberTools.m; sourceTree = "<group>"; };
		7CE477131CBF94D3006B6716 /* PBFBrowserTools.h */ = {isa = PBXFileReference; fileEncoding = 4; lastKnownFileType = sourcecode.c.h; path = PBFBrowserTools.h; sourceTree = "<group>"; };
		7CE477141CBF94D3006B6716 /* PBFBrowserTools.m */ = {isa = PBXFileReference; fileEncoding = 4; lastKnownFileType = sourcecode.c.objc; path = PBFBrowserTools.m; sourceTree = "<group>"; };
		7CE477151CBF94D3006B6716 /* PBFBrowserViewCtrl.h */ = {isa = PBXFileReference; fileEncoding = 4; lastKnownFileType = sourcecode.c.h; path = PBFBrowserViewCtrl.h; sourceTree = "<group>"; };
		7CE477161CBF94D3006B6716 /* PBFBrowserViewCtrl.m */ = {isa = PBXFileReference; fileEncoding = 4; lastKnownFileType = sourcecode.c.objc; path = PBFBrowserViewCtrl.m; sourceTree = "<group>"; };
		7CE477181CBF94D3006B6716 /* PBFButtonVerifyCode.h */ = {isa = PBXFileReference; fileEncoding = 4; lastKnownFileType = sourcecode.c.h; path = PBFButtonVerifyCode.h; sourceTree = "<group>"; };
		7CE477191CBF94D3006B6716 /* PBFButtonVerifyCode.m */ = {isa = PBXFileReference; fileEncoding = 4; lastKnownFileType = sourcecode.c.objc; path = PBFButtonVerifyCode.m; sourceTree = "<group>"; };
		7CE4771B1CBF94D3006B6716 /* PBFContextGraphicsTools.h */ = {isa = PBXFileReference; fileEncoding = 4; lastKnownFileType = sourcecode.c.h; path = PBFContextGraphicsTools.h; sourceTree = "<group>"; };
		7CE4771C1CBF94D3006B6716 /* PBFContextGraphicsTools.m */ = {isa = PBXFileReference; fileEncoding = 4; lastKnownFileType = sourcecode.c.objc; path = PBFContextGraphicsTools.m; sourceTree = "<group>"; };
		7CE4771F1CBF94D3006B6716 /* GTMBase64.h */ = {isa = PBXFileReference; fileEncoding = 4; lastKnownFileType = sourcecode.c.h; path = GTMBase64.h; sourceTree = "<group>"; };
		7CE477201CBF94D3006B6716 /* GTMBase64.m */ = {isa = PBXFileReference; fileEncoding = 4; lastKnownFileType = sourcecode.c.objc; path = GTMBase64.m; sourceTree = "<group>"; };
		7CE477211CBF94D3006B6716 /* GTMDefines.h */ = {isa = PBXFileReference; fileEncoding = 4; lastKnownFileType = sourcecode.c.h; path = GTMDefines.h; sourceTree = "<group>"; };
		7CE477221CBF94D3006B6716 /* README.md */ = {isa = PBXFileReference; fileEncoding = 4; lastKnownFileType = net.daringfireball.markdown; path = README.md; sourceTree = "<group>"; };
		7CE477231CBF94D3006B6716 /* PBFDesEncrypt.h */ = {isa = PBXFileReference; fileEncoding = 4; lastKnownFileType = sourcecode.c.h; path = PBFDesEncrypt.h; sourceTree = "<group>"; };
		7CE477241CBF94D3006B6716 /* PBFDesEncrypt.m */ = {isa = PBXFileReference; fileEncoding = 4; lastKnownFileType = sourcecode.c.objc; path = PBFDesEncrypt.m; sourceTree = "<group>"; };
		7CE477261CBF94D3006B6716 /* PBFDeviceTools.h */ = {isa = PBXFileReference; fileEncoding = 4; lastKnownFileType = sourcecode.c.h; path = PBFDeviceTools.h; sourceTree = "<group>"; };
		7CE477271CBF94D3006B6716 /* PBFDeviceTools.m */ = {isa = PBXFileReference; fileEncoding = 4; lastKnownFileType = sourcecode.c.objc; path = PBFDeviceTools.m; sourceTree = "<group>"; };
		7CE477291CBF94D3006B6716 /* PBFErrorTools.h */ = {isa = PBXFileReference; fileEncoding = 4; lastKnownFileType = sourcecode.c.h; path = PBFErrorTools.h; sourceTree = "<group>"; };
		7CE4772A1CBF94D3006B6716 /* PBFErrorTools.m */ = {isa = PBXFileReference; fileEncoding = 4; lastKnownFileType = sourcecode.c.objc; path = PBFErrorTools.m; sourceTree = "<group>"; };
		7CE4772C1CBF94D3006B6716 /* PBFImageObtainTools.h */ = {isa = PBXFileReference; fileEncoding = 4; lastKnownFileType = sourcecode.c.h; path = PBFImageObtainTools.h; sourceTree = "<group>"; };
		7CE4772D1CBF94D3006B6716 /* PBFImageObtainTools.m */ = {isa = PBXFileReference; fileEncoding = 4; lastKnownFileType = sourcecode.c.objc; path = PBFImageObtainTools.m; sourceTree = "<group>"; };
		7CE4772E1CBF94D3006B6716 /* PBFImageProminent.h */ = {isa = PBXFileReference; fileEncoding = 4; lastKnownFileType = sourcecode.c.h; path = PBFImageProminent.h; sourceTree = "<group>"; };
		7CE4772F1CBF94D3006B6716 /* PBFImageProminent.m */ = {isa = PBXFileReference; fileEncoding = 4; lastKnownFileType = sourcecode.c.objc; path = PBFImageProminent.m; sourceTree = "<group>"; };
		7CE477311CBF94D3006B6716 /* PBFLabelCountBackwards.h */ = {isa = PBXFileReference; fileEncoding = 4; lastKnownFileType = sourcecode.c.h; path = PBFLabelCountBackwards.h; sourceTree = "<group>"; };
		7CE477321CBF94D3006B6716 /* PBFLabelCountBackwards.m */ = {isa = PBXFileReference; fileEncoding = 4; lastKnownFileType = sourcecode.c.objc; path = PBFLabelCountBackwards.m; sourceTree = "<group>"; };
		7CE477331CBF94D3006B6716 /* PBFLabelCountBackwardsSimple.h */ = {isa = PBXFileReference; fileEncoding = 4; lastKnownFileType = sourcecode.c.h; path = PBFLabelCountBackwardsSimple.h; sourceTree = "<group>"; };
		7CE477341CBF94D3006B6716 /* PBFLabelCountBackwardsSimple.m */ = {isa = PBXFileReference; fileEncoding = 4; lastKnownFileType = sourcecode.c.objc; path = PBFLabelCountBackwardsSimple.m; sourceTree = "<group>"; };
		7CE477361CBF94D3006B6716 /* PBFAPPLoadingPages.h */ = {isa = PBXFileReference; fileEncoding = 4; lastKnownFileType = sourcecode.c.h; path = PBFAPPLoadingPages.h; sourceTree = "<group>"; };
		7CE477371CBF94D3006B6716 /* PBFAPPLoadingPages.m */ = {isa = PBXFileReference; fileEncoding = 4; lastKnownFileType = sourcecode.c.objc; path = PBFAPPLoadingPages.m; sourceTree = "<group>"; };
		7CE477391CBF94D3006B6716 /* PBFNotificationTopBar.h */ = {isa = PBXFileReference; fileEncoding = 4; lastKnownFileType = sourcecode.c.h; path = PBFNotificationTopBar.h; sourceTree = "<group>"; };
		7CE4773A1CBF94D3006B6716 /* PBFNotificationTopBar.m */ = {isa = PBXFileReference; fileEncoding = 4; lastKnownFileType = sourcecode.c.objc; path = PBFNotificationTopBar.m; sourceTree = "<group>"; };
		7CE4773C1CBF94D3006B6716 /* PBFPopInputView.h */ = {isa = PBXFileReference; fileEncoding = 4; lastKnownFileType = sourcecode.c.h; path = PBFPopInputView.h; sourceTree = "<group>"; };
		7CE4773D1CBF94D3006B6716 /* PBFPopInputView.m */ = {isa = PBXFileReference; fileEncoding = 4; lastKnownFileType = sourcecode.c.objc; path = PBFPopInputView.m; sourceTree = "<group>"; };
		7CE4773F1CBF94D3006B6716 /* PBFProgressCircleView.h */ = {isa = PBXFileReference; fileEncoding = 4; lastKnownFileType = sourcecode.c.h; path = PBFProgressCircleView.h; sourceTree = "<group>"; };
		7CE477401CBF94D3006B6716 /* PBFProgressCircleView.m */ = {isa = PBXFileReference; fileEncoding = 4; lastKnownFileType = sourcecode.c.objc; path = PBFProgressCircleView.m; sourceTree = "<group>"; };
		7CE477421CBF94D3006B6716 /* PBFQRCodeGenerator.h */ = {isa = PBXFileReference; fileEncoding = 4; lastKnownFileType = sourcecode.c.h; path = PBFQRCodeGenerator.h; sourceTree = "<group>"; };
		7CE477431CBF94D3006B6716 /* PBFQRCodeGenerator.m */ = {isa = PBXFileReference; fileEncoding = 4; lastKnownFileType = sourcecode.c.objc; path = PBFQRCodeGenerator.m; sourceTree = "<group>"; };
		7CE477441CBF94D3006B6716 /* PBFQRCodeScanner.h */ = {isa = PBXFileReference; fileEncoding = 4; lastKnownFileType = sourcecode.c.h; path = PBFQRCodeScanner.h; sourceTree = "<group>"; };
		7CE477451CBF94D3006B6716 /* PBFQRCodeScanner.m */ = {isa = PBXFileReference; fileEncoding = 4; lastKnownFileType = sourcecode.c.objc; path = PBFQRCodeScanner.m; sourceTree = "<group>"; };
		7CE477471CBF94D3006B6716 /* bitstream.c */ = {isa = PBXFileReference; fileEncoding = 4; lastKnownFileType = sourcecode.c.c; path = bitstream.c; sourceTree = "<group>"; };
		7CE477481CBF94D3006B6716 /* bitstream.h */ = {isa = PBXFileReference; fileEncoding = 4; lastKnownFileType = sourcecode.c.h; path = bitstream.h; sourceTree = "<group>"; };
		7CE477491CBF94D3006B6716 /* mask.c */ = {isa = PBXFileReference; fileEncoding = 4; lastKnownFileType = sourcecode.c.c; path = mask.c; sourceTree = "<group>"; };
		7CE4774A1CBF94D3006B6716 /* mask.h */ = {isa = PBXFileReference; fileEncoding = 4; lastKnownFileType = sourcecode.c.h; path = mask.h; sourceTree = "<group>"; };
		7CE4774B1CBF94D3006B6716 /* mmask.c */ = {isa = PBXFileReference; fileEncoding = 4; lastKnownFileType = sourcecode.c.c; path = mmask.c; sourceTree = "<group>"; };
		7CE4774C1CBF94D3006B6716 /* mmask.h */ = {isa = PBXFileReference; fileEncoding = 4; lastKnownFileType = sourcecode.c.h; path = mmask.h; sourceTree = "<group>"; };
		7CE4774D1CBF94D3006B6716 /* mqrspec.c */ = {isa = PBXFileReference; fileEncoding = 4; lastKnownFileType = sourcecode.c.c; path = mqrspec.c; sourceTree = "<group>"; };
		7CE4774E1CBF94D3006B6716 /* mqrspec.h */ = {isa = PBXFileReference; fileEncoding = 4; lastKnownFileType = sourcecode.c.h; path = mqrspec.h; sourceTree = "<group>"; };
		7CE4774F1CBF94D3006B6716 /* qrconfig.h */ = {isa = PBXFileReference; fileEncoding = 4; lastKnownFileType = sourcecode.c.h; path = qrconfig.h; sourceTree = "<group>"; };
		7CE477501CBF94D3006B6716 /* qrencode.c */ = {isa = PBXFileReference; fileEncoding = 4; lastKnownFileType = sourcecode.c.c; path = qrencode.c; sourceTree = "<group>"; };
		7CE477511CBF94D3006B6716 /* qrencode.h */ = {isa = PBXFileReference; fileEncoding = 4; lastKnownFileType = sourcecode.c.h; path = qrencode.h; sourceTree = "<group>"; };
		7CE477521CBF94D3006B6716 /* qrencode_inner.h */ = {isa = PBXFileReference; fileEncoding = 4; lastKnownFileType = sourcecode.c.h; path = qrencode_inner.h; sourceTree = "<group>"; };
		7CE477531CBF94D3006B6716 /* qrinput.c */ = {isa = PBXFileReference; fileEncoding = 4; lastKnownFileType = sourcecode.c.c; path = qrinput.c; sourceTree = "<group>"; };
		7CE477541CBF94D3006B6716 /* qrinput.h */ = {isa = PBXFileReference; fileEncoding = 4; lastKnownFileType = sourcecode.c.h; path = qrinput.h; sourceTree = "<group>"; };
		7CE477551CBF94D3006B6716 /* qrspec.c */ = {isa = PBXFileReference; fileEncoding = 4; lastKnownFileType = sourcecode.c.c; path = qrspec.c; sourceTree = "<group>"; };
		7CE477561CBF94D3006B6716 /* qrspec.h */ = {isa = PBXFileReference; fileEncoding = 4; lastKnownFileType = sourcecode.c.h; path = qrspec.h; sourceTree = "<group>"; };
		7CE477571CBF94D3006B6716 /* rscode.c */ = {isa = PBXFileReference; fileEncoding = 4; lastKnownFileType = sourcecode.c.c; path = rscode.c; sourceTree = "<group>"; };
		7CE477581CBF94D3006B6716 /* rscode.h */ = {isa = PBXFileReference; fileEncoding = 4; lastKnownFileType = sourcecode.c.h; path = rscode.h; sourceTree = "<group>"; };
		7CE477591CBF94D3006B6716 /* split.c */ = {isa = PBXFileReference; fileEncoding = 4; lastKnownFileType = sourcecode.c.c; path = split.c; sourceTree = "<group>"; };
		7CE4775A1CBF94D3006B6716 /* split.h */ = {isa = PBXFileReference; fileEncoding = 4; lastKnownFileType = sourcecode.c.h; path = split.h; sourceTree = "<group>"; };
		7CE4775C1CBF94D3006B6716 /* PBFScrollFlowView.h */ = {isa = PBXFileReference; fileEncoding = 4; lastKnownFileType = sourcecode.c.h; path = PBFScrollFlowView.h; sourceTree = "<group>"; };
		7CE4775D1CBF94D3006B6716 /* PBFScrollFlowView.m */ = {isa = PBXFileReference; fileEncoding = 4; lastKnownFileType = sourcecode.c.objc; path = PBFScrollFlowView.m; sourceTree = "<group>"; };
		7CE4775F1CBF94D3006B6716 /* PBFSimplePieChartView.h */ = {isa = PBXFileReference; fileEncoding = 4; lastKnownFileType = sourcecode.c.h; path = PBFSimplePieChartView.h; sourceTree = "<group>"; };
		7CE477601CBF94D3006B6716 /* PBFSimplePieChartView.m */ = {isa = PBXFileReference; fileEncoding = 4; lastKnownFileType = sourcecode.c.objc; path = PBFSimplePieChartView.m; sourceTree = "<group>"; };
		7CE477621CBF94D3006B6716 /* PBFSpringEffectAlertView.h */ = {isa = PBXFileReference; fileEncoding = 4; lastKnownFileType = sourcecode.c.h; path = PBFSpringEffectAlertView.h; sourceTree = "<group>"; };
		7CE477631CBF94D3006B6716 /* PBFSpringEffectAlertView.m */ = {isa = PBXFileReference; fileEncoding = 4; lastKnownFileType = sourcecode.c.objc; path = PBFSpringEffectAlertView.m; sourceTree = "<group>"; };
		7CE477651CBF94D3006B6716 /* PBFTableViewEmptyNotify.h */ = {isa = PBXFileReference; fileEncoding = 4; lastKnownFileType = sourcecode.c.h; path = PBFTableViewEmptyNotify.h; sourceTree = "<group>"; };
		7CE477661CBF94D3006B6716 /* PBFTableViewEmptyNotify.m */ = {isa = PBXFileReference; fileEncoding = 4; lastKnownFileType = sourcecode.c.objc; path = PBFTableViewEmptyNotify.m; sourceTree = "<group>"; };
		7CE477671CBF94D3006B6716 /* UITableView+EmptyImage.h */ = {isa = PBXFileReference; fileEncoding = 4; lastKnownFileType = sourcecode.c.h; path = "UITableView+EmptyImage.h"; sourceTree = "<group>"; };
		7CE477681CBF94D4006B6716 /* UITableView+EmptyImage.m */ = {isa = PBXFileReference; fileEncoding = 4; lastKnownFileType = sourcecode.c.objc; path = "UITableView+EmptyImage.m"; sourceTree = "<group>"; };
		7CE477691CBF94D4006B6716 /* UITableView+EmptyText.h */ = {isa = PBXFileReference; fileEncoding = 4; lastKnownFileType = sourcecode.c.h; path = "UITableView+EmptyText.h"; sourceTree = "<group>"; };
		7CE4776A1CBF94D4006B6716 /* UITableView+EmptyText.m */ = {isa = PBXFileReference; fileEncoding = 4; lastKnownFileType = sourcecode.c.objc; path = "UITableView+EmptyText.m"; sourceTree = "<group>"; };
		7CE4776C1CBF94D4006B6716 /* PBFTabPageFlow.h */ = {isa = PBXFileReference; fileEncoding = 4; lastKnownFileType = sourcecode.c.h; path = PBFTabPageFlow.h; sourceTree = "<group>"; };
		7CE4776D1CBF94D4006B6716 /* PBFTabPageFlow.m */ = {isa = PBXFileReference; fileEncoding = 4; lastKnownFileType = sourcecode.c.objc; path = PBFTabPageFlow.m; sourceTree = "<group>"; };
		7CE4776F1CBF94D4006B6716 /* PBFUITextFieldAdditionFinishedBtn.h */ = {isa = PBXFileReference; fileEncoding = 4; lastKnownFileType = sourcecode.c.h; path = PBFUITextFieldAdditionFinishedBtn.h; sourceTree = "<group>"; };
		7CE477701CBF94D4006B6716 /* PBFUITextFieldAdditionFinishedBtn.m */ = {isa = PBXFileReference; fileEncoding = 4; lastKnownFileType = sourcecode.c.objc; path = PBFUITextFieldAdditionFinishedBtn.m; sourceTree = "<group>"; };
		7CE477711CBF94D4006B6716 /* PBFUITextFieldAdditionPickup.h */ = {isa = PBXFileReference; fileEncoding = 4; lastKnownFileType = sourcecode.c.h; path = PBFUITextFieldAdditionPickup.h; sourceTree = "<group>"; };
		7CE477721CBF94D4006B6716 /* PBFUITextFieldAdditionPickup.m */ = {isa = PBXFileReference; fileEncoding = 4; lastKnownFileType = sourcecode.c.objc; path = PBFUITextFieldAdditionPickup.m; sourceTree = "<group>"; };
		7CE477731CBF94D4006B6716 /* PBFUITextFieldStratageMaxLength.h */ = {isa = PBXFileReference; fileEncoding = 4; lastKnownFileType = sourcecode.c.h; path = PBFUITextFieldStratageMaxLength.h; sourceTree = "<group>"; };
		7CE477741CBF94D4006B6716 /* PBFUITextFieldStratageMaxLength.m */ = {isa = PBXFileReference; fileEncoding = 4; lastKnownFileType = sourcecode.c.objc; path = PBFUITextFieldStratageMaxLength.m; sourceTree = "<group>"; };
		7CE477751CBF94D4006B6716 /* PBFUITextFieldStratageMinlength.h */ = {isa = PBXFileReference; fileEncoding = 4; lastKnownFileType = sourcecode.c.h; path = PBFUITextFieldStratageMinlength.h; sourceTree = "<group>"; };
		7CE477761CBF94D4006B6716 /* PBFUITextFieldStratageMinlength.m */ = {isa = PBXFileReference; fileEncoding = 4; lastKnownFileType = sourcecode.c.objc; path = PBFUITextFieldStratageMinlength.m; sourceTree = "<group>"; };
		7CE477771CBF94D4006B6716 /* PBFUITextFieldStratageRegex.h */ = {isa = PBXFileReference; fileEncoding = 4; lastKnownFileType = sourcecode.c.h; path = PBFUITextFieldStratageRegex.h; sourceTree = "<group>"; };
		7CE477781CBF94D4006B6716 /* PBFUITextFieldStratageRegex.m */ = {isa = PBXFileReference; fileEncoding = 4; lastKnownFileType = sourcecode.c.objc; path = PBFUITextFieldStratageRegex.m; sourceTree = "<group>"; };
		7CE477791CBF94D4006B6716 /* PBFUITextFieldVerify.h */ = {isa = PBXFileReference; fileEncoding = 4; lastKnownFileType = sourcecode.c.h; path = PBFUITextFieldVerify.h; sourceTree = "<group>"; };
		7CE4777A1CBF94D4006B6716 /* PBFUITextFieldVerify.m */ = {isa = PBXFileReference; fileEncoding = 4; lastKnownFileType = sourcecode.c.objc; path = PBFUITextFieldVerify.m; sourceTree = "<group>"; };
		7CE477AE1CBF9670006B6716 /* PBFBaseTools.h */ = {isa = PBXFileReference; lastKnownFileType = sourcecode.c.h; path = PBFBaseTools.h; sourceTree = "<group>"; };
		7CE477B01CBF9F2C006B6716 /* PBFNotifyLoadingViewTools.h */ = {isa = PBXFileReference; fileEncoding = 4; lastKnownFileType = sourcecode.c.h; path = PBFNotifyLoadingViewTools.h; sourceTree = "<group>"; };
		7CE477B11CBF9F2C006B6716 /* PBFNotifyLoadingViewTools.m */ = {isa = PBXFileReference; fileEncoding = 4; lastKnownFileType = sourcecode.c.objc; path = PBFNotifyLoadingViewTools.m; sourceTree = "<group>"; };
		7CE477B31CBF9F83006B6716 /* PBFNotifyToastViewTools.h */ = {isa = PBXFileReference; fileEncoding = 4; lastKnownFileType = sourcecode.c.h; path = PBFNotifyToastViewTools.h; sourceTree = "<group>"; };
		7CE477B41CBF9F83006B6716 /* PBFNotifyToastViewTools.m */ = {isa = PBXFileReference; fileEncoding = 4; lastKnownFileType = sourcecode.c.objc; path = PBFNotifyToastViewTools.m; sourceTree = "<group>"; };
		7CE477B61CBF9FA8006B6716 /* PBFNotifyAlertViewTools.h */ = {isa = PBXFileReference; fileEncoding = 4; lastKnownFileType = sourcecode.c.h; path = PBFNotifyAlertViewTools.h; sourceTree = "<group>"; };
		7CE477B71CBF9FA8006B6716 /* PBFNotifyAlertViewTools.m */ = {isa = PBXFileReference; fileEncoding = 4; lastKnownFileType = sourcecode.c.objc; path = PBFNotifyAlertViewTools.m; sourceTree = "<group>"; };
		7CFE27BE1CE4699400FB11C5 /* PBFORMTools.h */ = {isa = PBXFileReference; fileEncoding = 4; lastKnownFileType = sourcecode.c.h; path = PBFORMTools.h; sourceTree = "<group>"; };
		7CFE27BF1CE4699400FB11C5 /* PBFORMTools.m */ = {isa = PBXFileReference; fileEncoding = 4; lastKnownFileType = sourcecode.c.objc; path = PBFORMTools.m; sourceTree = "<group>"; };
		7CFE27C11CE48BB400FB11C5 /* PBFORMToolsTests.m */ = {isa = PBXFileReference; fileEncoding = 4; lastKnownFileType = sourcecode.c.objc; path = PBFORMToolsTests.m; sourceTree = "<group>"; };
		CAEC37524EC2EB1881AB9796 /* Pods.release.xcconfig */ = {isa = PBXFileReference; includeInIndex = 1; lastKnownFileType = text.xcconfig; name = Pods.release.xcconfig; path = "Pods/Target Support Files/Pods/Pods.release.xcconfig"; sourceTree = "<group>"; };
		E53EB08769A498C8281BC1E7 /* libPods.a */ = {isa = PBXFileReference; explicitFileType = archive.ar; includeInIndex = 0; path = libPods.a; sourceTree = BUILT_PRODUCTS_DIR; };
		FBEFE29C0482E6C609707804 /* Pods.debug.xcconfig */ = {isa = PBXFileReference; includeInIndex = 1; lastKnownFileType = text.xcconfig; name = Pods.debug.xcconfig; path = "Pods/Target Support Files/Pods/Pods.debug.xcconfig"; sourceTree = "<group>"; };
/* End PBXFileReference section */

/* Begin PBXFrameworksBuildPhase section */
		7CE476CA1CBF945A006B6716 /* Frameworks */ = {
			isa = PBXFrameworksBuildPhase;
			buildActionMask = 2147483647;
			files = (
				EBD17475E2CCDA4D2BC7BBF9 /* libPods.a in Frameworks */,
			);
			runOnlyForDeploymentPostprocessing = 0;
		};
		7CE476E31CBF945A006B6716 /* Frameworks */ = {
			isa = PBXFrameworksBuildPhase;
			buildActionMask = 2147483647;
			files = (
			);
			runOnlyForDeploymentPostprocessing = 0;
		};
		7CE476EE1CBF945A006B6716 /* Frameworks */ = {
			isa = PBXFrameworksBuildPhase;
			buildActionMask = 2147483647;
			files = (
			);
			runOnlyForDeploymentPostprocessing = 0;
		};
/* End PBXFrameworksBuildPhase section */

/* Begin PBXGroup section */
		7C1268E91CEC0B270012AE57 /* PBFViewTools */ = {
			isa = PBXGroup;
			children = (
				7C203DFD1CF45F0C00D554D5 /* PBFViewMacro.h */,
				7C1268EA1CEC0B270012AE57 /* PBFViewTools.h */,
				7C1268EB1CEC0B270012AE57 /* PBFViewTools.m */,
			);
			path = PBFViewTools;
			sourceTree = "<group>";
		};
		7C203DF91CF457D100D554D5 /* PBFDropSelectBoxTools */ = {
			isa = PBXGroup;
			children = (
				7C203DFA1CF457D100D554D5 /* PBFDropSelectBoxView.h */,
				7C203DFB1CF457D100D554D5 /* PBFDropSelectBoxView.m */,
			);
			path = PBFDropSelectBoxTools;
			sourceTree = "<group>";
		};
		7CE476C41CBF945A006B6716 = {
			isa = PBXGroup;
			children = (
				7CE477061CBF94D3006B6716 /* PBFBaseTools */,
				7CE476CF1CBF945A006B6716 /* PBFBaseToolsDemo */,
				7CE476E91CBF945A006B6716 /* PBFBaseToolsDemoTests */,
				7CE476F41CBF945A006B6716 /* PBFBaseToolsDemoUITests */,
				7CE476CE1CBF945A006B6716 /* Products */,
				B7D642791993E0E62AF9561F /* Pods */,
				F153FB9810F7797C282CF50F /* Frameworks */,
			);
			sourceTree = "<group>";
		};
		7CE476CE1CBF945A006B6716 /* Products */ = {
			isa = PBXGroup;
			children = (
				7CE476CD1CBF945A006B6716 /* PBFBaseToolsDemo.app */,
				7CE476E61CBF945A006B6716 /* PBFBaseToolsDemoTests.xctest */,
				7CE476F11CBF945A006B6716 /* PBFBaseToolsDemoUITests.xctest */,
			);
			name = Products;
			sourceTree = "<group>";
		};
		7CE476CF1CBF945A006B6716 /* PBFBaseToolsDemo */ = {
			isa = PBXGroup;
			children = (
				7CE476D31CBF945A006B6716 /* AppDelegate.h */,
				7CE476D41CBF945A006B6716 /* AppDelegate.m */,
				7CE476D61CBF945A006B6716 /* ViewController.h */,
				7CE476D71CBF945A006B6716 /* ViewController.m */,
				7CE476D91CBF945A006B6716 /* Main.storyboard */,
				7CE476DC1CBF945A006B6716 /* Assets.xcassets */,
				7CE476DE1CBF945A006B6716 /* LaunchScreen.storyboard */,
				7CE476E11CBF945A006B6716 /* Info.plist */,
				7CE476D01CBF945A006B6716 /* Supporting Files */,
			);
			path = PBFBaseToolsDemo;
			sourceTree = "<group>";
		};
		7CE476D01CBF945A006B6716 /* Supporting Files */ = {
			isa = PBXGroup;
			children = (
				7CE476D11CBF945A006B6716 /* main.m */,
			);
			name = "Supporting Files";
			sourceTree = "<group>";
		};
		7CE476E91CBF945A006B6716 /* PBFBaseToolsDemoTests */ = {
			isa = PBXGroup;
			children = (
				7CE476EA1CBF945A006B6716 /* PBFBaseToolsDemoTests.m */,
				7CFE27C11CE48BB400FB11C5 /* PBFORMToolsTests.m */,
				7CE476EC1CBF945A006B6716 /* Info.plist */,
			);
			path = PBFBaseToolsDemoTests;
			sourceTree = "<group>";
		};
		7CE476F41CBF945A006B6716 /* PBFBaseToolsDemoUITests */ = {
			isa = PBXGroup;
			children = (
				7CE476F51CBF945A006B6716 /* PBFBaseToolsDemoUITests.m */,
				7CE476F71CBF945A006B6716 /* Info.plist */,
			);
			path = PBFBaseToolsDemoUITests;
			sourceTree = "<group>";
		};
		7CE477061CBF94D3006B6716 /* PBFBaseTools */ = {
			isa = PBXGroup;
			children = (
				7C203DF91CF457D100D554D5 /* PBFDropSelectBoxTools */,
				7C1268E91CEC0B270012AE57 /* PBFViewTools */,
				7CFE27BD1CE4698A00FB11C5 /* PBFORMTools */,
				7CE477071CBF94D3006B6716 /* PBFBasisTools */,
				7CE477121CBF94D3006B6716 /* PBFBrowserTools */,
				7CE477171CBF94D3006B6716 /* PBFButtonVerifyCode */,
				7CE4771A1CBF94D3006B6716 /* PBFContextGraphics */,
				7CE4771D1CBF94D3006B6716 /* PBFDesBase64Tools */,
				7CE477251CBF94D3006B6716 /* PBFDeviceTools */,
				7CE477281CBF94D3006B6716 /* PBFErrorTools */,
				7CE4772B1CBF94D3006B6716 /* PBFImageTools */,
				7CE477301CBF94D3006B6716 /* PBFLabelTools */,
				7CE477351CBF94D3006B6716 /* PBFAppLoadingPage */,
				7CE477381CBF94D3006B6716 /* PBFNotificationTopBar */,
				7CE4773B1CBF94D3006B6716 /* PBFPopInputView */,
				7CE4773E1CBF94D3006B6716 /* PBFProgressCircleView */,
				7CE477411CBF94D3006B6716 /* PBFQRCodeTools */,
				7CE4775B1CBF94D3006B6716 /* PBFScrollFlowView */,
				7CE4775E1CBF94D3006B6716 /* PBFSimplePieChartView */,
				7CE477611CBF94D3006B6716 /* PBFSpringEffectAlertView */,
				7CE477641CBF94D3006B6716 /* PBFTableViewTools */,
				7CE4776B1CBF94D4006B6716 /* PBFTabPageFlow */,
				7CE4776E1CBF94D4006B6716 /* PBFTextFieldTools */,
				7CE477AF1CBF9EE6006B6716 /* PBFNotifyTools */,
				7CE477AE1CBF9670006B6716 /* PBFBaseTools.h */,
			);
			path = PBFBaseTools;
			sourceTree = "<group>";
		};
		7CE477071CBF94D3006B6716 /* PBFBasisTools */ = {
			isa = PBXGroup;
			children = (
				7CE477081CBF94D3006B6716 /* PBFColorTools.h */,
				7CE477091CBF94D3006B6716 /* PBFColorTools.m */,
				7CE4770A1CBF94D3006B6716 /* PBFConvert.h */,
				7CE4770B1CBF94D3006B6716 /* PBFConvert.m */,
				7CE4770C1CBF94D3006B6716 /* PBFDateTools.h */,
				7CE4770D1CBF94D3006B6716 /* PBFDateTools.m */,
				7CE4770E1CBF94D3006B6716 /* PBFNSStringTools.h */,
				7CE4770F1CBF94D3006B6716 /* PBFNSStringTools.m */,
				7CE477101CBF94D3006B6716 /* PBFNumberTools.h */,
				7CE477111CBF94D3006B6716 /* PBFNumberTools.m */,
			);
			path = PBFBasisTools;
			sourceTree = "<group>";
		};
		7CE477121CBF94D3006B6716 /* PBFBrowserTools */ = {
			isa = PBXGroup;
			children = (
				7CE477131CBF94D3006B6716 /* PBFBrowserTools.h */,
				7CE477141CBF94D3006B6716 /* PBFBrowserTools.m */,
				7CE477151CBF94D3006B6716 /* PBFBrowserViewCtrl.h */,
				7CE477161CBF94D3006B6716 /* PBFBrowserViewCtrl.m */,
			);
			path = PBFBrowserTools;
			sourceTree = "<group>";
		};
		7CE477171CBF94D3006B6716 /* PBFButtonVerifyCode */ = {
			isa = PBXGroup;
			children = (
				7CE477181CBF94D3006B6716 /* PBFButtonVerifyCode.h */,
				7CE477191CBF94D3006B6716 /* PBFButtonVerifyCode.m */,
			);
			path = PBFButtonVerifyCode;
			sourceTree = "<group>";
		};
		7CE4771A1CBF94D3006B6716 /* PBFContextGraphics */ = {
			isa = PBXGroup;
			children = (
				7CE4771B1CBF94D3006B6716 /* PBFContextGraphicsTools.h */,
				7CE4771C1CBF94D3006B6716 /* PBFContextGraphicsTools.m */,
			);
			path = PBFContextGraphics;
			sourceTree = "<group>";
		};
		7CE4771D1CBF94D3006B6716 /* PBFDesBase64Tools */ = {
			isa = PBXGroup;
			children = (
				7CE4771E1CBF94D3006B6716 /* GTMBase64 */,
				7CE477231CBF94D3006B6716 /* PBFDesEncrypt.h */,
				7CE477241CBF94D3006B6716 /* PBFDesEncrypt.m */,
			);
			path = PBFDesBase64Tools;
			sourceTree = "<group>";
		};
		7CE4771E1CBF94D3006B6716 /* GTMBase64 */ = {
			isa = PBXGroup;
			children = (
				7CE4771F1CBF94D3006B6716 /* GTMBase64.h */,
				7CE477201CBF94D3006B6716 /* GTMBase64.m */,
				7CE477211CBF94D3006B6716 /* GTMDefines.h */,
				7CE477221CBF94D3006B6716 /* README.md */,
			);
			path = GTMBase64;
			sourceTree = "<group>";
		};
		7CE477251CBF94D3006B6716 /* PBFDeviceTools */ = {
			isa = PBXGroup;
			children = (
				7CE477261CBF94D3006B6716 /* PBFDeviceTools.h */,
				7CE477271CBF94D3006B6716 /* PBFDeviceTools.m */,
			);
			path = PBFDeviceTools;
			sourceTree = "<group>";
		};
		7CE477281CBF94D3006B6716 /* PBFErrorTools */ = {
			isa = PBXGroup;
			children = (
				7CE477291CBF94D3006B6716 /* PBFErrorTools.h */,
				7CE4772A1CBF94D3006B6716 /* PBFErrorTools.m */,
			);
			path = PBFErrorTools;
			sourceTree = "<group>";
		};
		7CE4772B1CBF94D3006B6716 /* PBFImageTools */ = {
			isa = PBXGroup;
			children = (
				7CE4772C1CBF94D3006B6716 /* PBFImageObtainTools.h */,
				7CE4772D1CBF94D3006B6716 /* PBFImageObtainTools.m */,
				7CE4772E1CBF94D3006B6716 /* PBFImageProminent.h */,
				7CE4772F1CBF94D3006B6716 /* PBFImageProminent.m */,
			);
			path = PBFImageTools;
			sourceTree = "<group>";
		};
		7CE477301CBF94D3006B6716 /* PBFLabelTools */ = {
			isa = PBXGroup;
			children = (
				7CE477311CBF94D3006B6716 /* PBFLabelCountBackwards.h */,
				7CE477321CBF94D3006B6716 /* PBFLabelCountBackwards.m */,
				7CE477331CBF94D3006B6716 /* PBFLabelCountBackwardsSimple.h */,
				7CE477341CBF94D3006B6716 /* PBFLabelCountBackwardsSimple.m */,
			);
			name = PBFLabelTools;
			path = PBFLabel;
			sourceTree = "<group>";
		};
		7CE477351CBF94D3006B6716 /* PBFAppLoadingPage */ = {
			isa = PBXGroup;
			children = (
				7CE477361CBF94D3006B6716 /* PBFAPPLoadingPages.h */,
				7CE477371CBF94D3006B6716 /* PBFAPPLoadingPages.m */,
			);
			name = PBFAppLoadingPage;
			path = PBFLoadingPage;
			sourceTree = "<group>";
		};
		7CE477381CBF94D3006B6716 /* PBFNotificationTopBar */ = {
			isa = PBXGroup;
			children = (
				7CE477391CBF94D3006B6716 /* PBFNotificationTopBar.h */,
				7CE4773A1CBF94D3006B6716 /* PBFNotificationTopBar.m */,
			);
			path = PBFNotificationTopBar;
			sourceTree = "<group>";
		};
		7CE4773B1CBF94D3006B6716 /* PBFPopInputView */ = {
			isa = PBXGroup;
			children = (
				7CE4773C1CBF94D3006B6716 /* PBFPopInputView.h */,
				7CE4773D1CBF94D3006B6716 /* PBFPopInputView.m */,
			);
			path = PBFPopInputView;
			sourceTree = "<group>";
		};
		7CE4773E1CBF94D3006B6716 /* PBFProgressCircleView */ = {
			isa = PBXGroup;
			children = (
				7CE4773F1CBF94D3006B6716 /* PBFProgressCircleView.h */,
				7CE477401CBF94D3006B6716 /* PBFProgressCircleView.m */,
			);
			path = PBFProgressCircleView;
			sourceTree = "<group>";
		};
		7CE477411CBF94D3006B6716 /* PBFQRCodeTools */ = {
			isa = PBXGroup;
			children = (
				7CE477421CBF94D3006B6716 /* PBFQRCodeGenerator.h */,
				7CE477431CBF94D3006B6716 /* PBFQRCodeGenerator.m */,
				7CE477441CBF94D3006B6716 /* PBFQRCodeScanner.h */,
				7CE477451CBF94D3006B6716 /* PBFQRCodeScanner.m */,
				7CE477461CBF94D3006B6716 /* QRCodeLib */,
			);
			path = PBFQRCodeTools;
			sourceTree = "<group>";
		};
		7CE477461CBF94D3006B6716 /* QRCodeLib */ = {
			isa = PBXGroup;
			children = (
				7CE477471CBF94D3006B6716 /* bitstream.c */,
				7CE477481CBF94D3006B6716 /* bitstream.h */,
				7CE477491CBF94D3006B6716 /* mask.c */,
				7CE4774A1CBF94D3006B6716 /* mask.h */,
				7CE4774B1CBF94D3006B6716 /* mmask.c */,
				7CE4774C1CBF94D3006B6716 /* mmask.h */,
				7CE4774D1CBF94D3006B6716 /* mqrspec.c */,
				7CE4774E1CBF94D3006B6716 /* mqrspec.h */,
				7CE4774F1CBF94D3006B6716 /* qrconfig.h */,
				7CE477501CBF94D3006B6716 /* qrencode.c */,
				7CE477511CBF94D3006B6716 /* qrencode.h */,
				7CE477521CBF94D3006B6716 /* qrencode_inner.h */,
				7CE477531CBF94D3006B6716 /* qrinput.c */,
				7CE477541CBF94D3006B6716 /* qrinput.h */,
				7CE477551CBF94D3006B6716 /* qrspec.c */,
				7CE477561CBF94D3006B6716 /* qrspec.h */,
				7CE477571CBF94D3006B6716 /* rscode.c */,
				7CE477581CBF94D3006B6716 /* rscode.h */,
				7CE477591CBF94D3006B6716 /* split.c */,
				7CE4775A1CBF94D3006B6716 /* split.h */,
			);
			path = QRCodeLib;
			sourceTree = "<group>";
		};
		7CE4775B1CBF94D3006B6716 /* PBFScrollFlowView */ = {
			isa = PBXGroup;
			children = (
				7CE4775C1CBF94D3006B6716 /* PBFScrollFlowView.h */,
				7CE4775D1CBF94D3006B6716 /* PBFScrollFlowView.m */,
			);
			path = PBFScrollFlowView;
			sourceTree = "<group>";
		};
		7CE4775E1CBF94D3006B6716 /* PBFSimplePieChartView */ = {
			isa = PBXGroup;
			children = (
				7CE4775F1CBF94D3006B6716 /* PBFSimplePieChartView.h */,
				7CE477601CBF94D3006B6716 /* PBFSimplePieChartView.m */,
			);
			path = PBFSimplePieChartView;
			sourceTree = "<group>";
		};
		7CE477611CBF94D3006B6716 /* PBFSpringEffectAlertView */ = {
			isa = PBXGroup;
			children = (
				7CE477621CBF94D3006B6716 /* PBFSpringEffectAlertView.h */,
				7CE477631CBF94D3006B6716 /* PBFSpringEffectAlertView.m */,
			);
			path = PBFSpringEffectAlertView;
			sourceTree = "<group>";
		};
		7CE477641CBF94D3006B6716 /* PBFTableViewTools */ = {
			isa = PBXGroup;
			children = (
				7CE477651CBF94D3006B6716 /* PBFTableViewEmptyNotify.h */,
				7CE477661CBF94D3006B6716 /* PBFTableViewEmptyNotify.m */,
				7CE477671CBF94D3006B6716 /* UITableView+EmptyImage.h */,
				7CE477681CBF94D4006B6716 /* UITableView+EmptyImage.m */,
				7CE477691CBF94D4006B6716 /* UITableView+EmptyText.h */,
				7CE4776A1CBF94D4006B6716 /* UITableView+EmptyText.m */,
			);
			path = PBFTableViewTools;
			sourceTree = "<group>";
		};
		7CE4776B1CBF94D4006B6716 /* PBFTabPageFlow */ = {
			isa = PBXGroup;
			children = (
				7CE4776C1CBF94D4006B6716 /* PBFTabPageFlow.h */,
				7CE4776D1CBF94D4006B6716 /* PBFTabPageFlow.m */,
			);
			path = PBFTabPageFlow;
			sourceTree = "<group>";
		};
		7CE4776E1CBF94D4006B6716 /* PBFTextFieldTools */ = {
			isa = PBXGroup;
			children = (
				7CE477B91CBFA362006B6716 /* PBFViwTools */,
				7CE4776F1CBF94D4006B6716 /* PBFUITextFieldAdditionFinishedBtn.h */,
				7CE477701CBF94D4006B6716 /* PBFUITextFieldAdditionFinishedBtn.m */,
				7CE477711CBF94D4006B6716 /* PBFUITextFieldAdditionPickup.h */,
				7CE477721CBF94D4006B6716 /* PBFUITextFieldAdditionPickup.m */,
				7CE477731CBF94D4006B6716 /* PBFUITextFieldStratageMaxLength.h */,
				7CE477741CBF94D4006B6716 /* PBFUITextFieldStratageMaxLength.m */,
				7CE477751CBF94D4006B6716 /* PBFUITextFieldStratageMinlength.h */,
				7CE477761CBF94D4006B6716 /* PBFUITextFieldStratageMinlength.m */,
				7CE477771CBF94D4006B6716 /* PBFUITextFieldStratageRegex.h */,
				7CE477781CBF94D4006B6716 /* PBFUITextFieldStratageRegex.m */,
				7CE477791CBF94D4006B6716 /* PBFUITextFieldVerify.h */,
				7CE4777A1CBF94D4006B6716 /* PBFUITextFieldVerify.m */,
			);
			name = PBFTextFieldTools;
			path = PBFTextField;
			sourceTree = "<group>";
		};
		7CE477AF1CBF9EE6006B6716 /* PBFNotifyTools */ = {
			isa = PBXGroup;
			children = (
				7CE477B01CBF9F2C006B6716 /* PBFNotifyLoadingViewTools.h */,
				7CE477B11CBF9F2C006B6716 /* PBFNotifyLoadingViewTools.m */,
				7CE477B31CBF9F83006B6716 /* PBFNotifyToastViewTools.h */,
				7CE477B41CBF9F83006B6716 /* PBFNotifyToastViewTools.m */,
				7CE477B61CBF9FA8006B6716 /* PBFNotifyAlertViewTools.h */,
				7CE477B71CBF9FA8006B6716 /* PBFNotifyAlertViewTools.m */,
			);
			path = PBFNotifyTools;
			sourceTree = "<group>";
		};
		7CE477B91CBFA362006B6716 /* PBFViwTools */ = {
			isa = PBXGroup;
			children = (
			);
			name = PBFViwTools;
			path = PBFBaseTools/PBFViwTools;
			sourceTree = SOURCE_ROOT;
		};
		7CFE27BD1CE4698A00FB11C5 /* PBFORMTools */ = {
			isa = PBXGroup;
			children = (
				7CFE27BE1CE4699400FB11C5 /* PBFORMTools.h */,
				7CFE27BF1CE4699400FB11C5 /* PBFORMTools.m */,
			);
			path = PBFORMTools;
			sourceTree = "<group>";
		};
		B7D642791993E0E62AF9561F /* Pods */ = {
			isa = PBXGroup;
			children = (
				FBEFE29C0482E6C609707804 /* Pods.debug.xcconfig */,
				CAEC37524EC2EB1881AB9796 /* Pods.release.xcconfig */,
			);
			name = Pods;
			sourceTree = "<group>";
		};
		F153FB9810F7797C282CF50F /* Frameworks */ = {
			isa = PBXGroup;
			children = (
				E53EB08769A498C8281BC1E7 /* libPods.a */,
			);
			name = Frameworks;
			sourceTree = "<group>";
		};
/* End PBXGroup section */

/* Begin PBXNativeTarget section */
		7CE476CC1CBF945A006B6716 /* PBFBaseToolsDemo */ = {
			isa = PBXNativeTarget;
			buildConfigurationList = 7CE476FA1CBF945A006B6716 /* Build configuration list for PBXNativeTarget "PBFBaseToolsDemo" */;
			buildPhases = (
				AE3170EFF4F0A9B4BFE6569B /* Check Pods Manifest.lock */,
				7CE476C91CBF945A006B6716 /* Sources */,
				7CE476CA1CBF945A006B6716 /* Frameworks */,
				7CE476CB1CBF945A006B6716 /* Resources */,
				9A10BB5622D890BE12CC6F55 /* Embed Pods Frameworks */,
				09E51038B7942688F927586C /* Copy Pods Resources */,
			);
			buildRules = (
			);
			dependencies = (
			);
			name = PBFBaseToolsDemo;
			productName = PBFBaseToolsDemo;
			productReference = 7CE476CD1CBF945A006B6716 /* PBFBaseToolsDemo.app */;
			productType = "com.apple.product-type.application";
		};
		7CE476E51CBF945A006B6716 /* PBFBaseToolsDemoTests */ = {
			isa = PBXNativeTarget;
			buildConfigurationList = 7CE476FD1CBF945A006B6716 /* Build configuration list for PBXNativeTarget "PBFBaseToolsDemoTests" */;
			buildPhases = (
				7CE476E21CBF945A006B6716 /* Sources */,
				7CE476E31CBF945A006B6716 /* Frameworks */,
				7CE476E41CBF945A006B6716 /* Resources */,
			);
			buildRules = (
			);
			dependencies = (
				7CE476E81CBF945A006B6716 /* PBXTargetDependency */,
			);
			name = PBFBaseToolsDemoTests;
			productName = PBFBaseToolsDemoTests;
			productReference = 7CE476E61CBF945A006B6716 /* PBFBaseToolsDemoTests.xctest */;
			productType = "com.apple.product-type.bundle.unit-test";
		};
		7CE476F01CBF945A006B6716 /* PBFBaseToolsDemoUITests */ = {
			isa = PBXNativeTarget;
			buildConfigurationList = 7CE477001CBF945A006B6716 /* Build configuration list for PBXNativeTarget "PBFBaseToolsDemoUITests" */;
			buildPhases = (
				7CE476ED1CBF945A006B6716 /* Sources */,
				7CE476EE1CBF945A006B6716 /* Frameworks */,
				7CE476EF1CBF945A006B6716 /* Resources */,
			);
			buildRules = (
			);
			dependencies = (
				7CE476F31CBF945A006B6716 /* PBXTargetDependency */,
			);
			name = PBFBaseToolsDemoUITests;
			productName = PBFBaseToolsDemoUITests;
			productReference = 7CE476F11CBF945A006B6716 /* PBFBaseToolsDemoUITests.xctest */;
			productType = "com.apple.product-type.bundle.ui-testing";
		};
/* End PBXNativeTarget section */

/* Begin PBXProject section */
		7CE476C51CBF945A006B6716 /* Project object */ = {
			isa = PBXProject;
			attributes = {
				LastUpgradeCheck = 0730;
				ORGANIZATIONNAME = "BY-MAC01";
				TargetAttributes = {
					7CE476CC1CBF945A006B6716 = {
						CreatedOnToolsVersion = 7.3;
					};
					7CE476E51CBF945A006B6716 = {
						CreatedOnToolsVersion = 7.3;
						TestTargetID = 7CE476CC1CBF945A006B6716;
					};
					7CE476F01CBF945A006B6716 = {
						CreatedOnToolsVersion = 7.3;
						TestTargetID = 7CE476CC1CBF945A006B6716;
					};
				};
			};
			buildConfigurationList = 7CE476C81CBF945A006B6716 /* Build configuration list for PBXProject "PBFBaseToolsDemo" */;
			compatibilityVersion = "Xcode 3.2";
			developmentRegion = English;
			hasScannedForEncodings = 0;
			knownRegions = (
				en,
				Base,
			);
			mainGroup = 7CE476C41CBF945A006B6716;
			productRefGroup = 7CE476CE1CBF945A006B6716 /* Products */;
			projectDirPath = "";
			projectRoot = "";
			targets = (
				7CE476CC1CBF945A006B6716 /* PBFBaseToolsDemo */,
				7CE476E51CBF945A006B6716 /* PBFBaseToolsDemoTests */,
				7CE476F01CBF945A006B6716 /* PBFBaseToolsDemoUITests */,
			);
		};
/* End PBXProject section */

/* Begin PBXResourcesBuildPhase section */
		7CE476CB1CBF945A006B6716 /* Resources */ = {
			isa = PBXResourcesBuildPhase;
			buildActionMask = 2147483647;
			files = (
				7CE476E01CBF945A006B6716 /* LaunchScreen.storyboard in Resources */,
				7CE476DD1CBF945A006B6716 /* Assets.xcassets in Resources */,
				7CE476DB1CBF945A006B6716 /* Main.storyboard in Resources */,
			);
			runOnlyForDeploymentPostprocessing = 0;
		};
		7CE476E41CBF945A006B6716 /* Resources */ = {
			isa = PBXResourcesBuildPhase;
			buildActionMask = 2147483647;
			files = (
			);
			runOnlyForDeploymentPostprocessing = 0;
		};
		7CE476EF1CBF945A006B6716 /* Resources */ = {
			isa = PBXResourcesBuildPhase;
			buildActionMask = 2147483647;
			files = (
			);
			runOnlyForDeploymentPostprocessing = 0;
		};
/* End PBXResourcesBuildPhase section */

/* Begin PBXShellScriptBuildPhase section */
		09E51038B7942688F927586C /* Copy Pods Resources */ = {
			isa = PBXShellScriptBuildPhase;
			buildActionMask = 2147483647;
			files = (
			);
			inputPaths = (
			);
			name = "Copy Pods Resources";
			outputPaths = (
			);
			runOnlyForDeploymentPostprocessing = 0;
			shellPath = /bin/sh;
			shellScript = "\"${SRCROOT}/Pods/Target Support Files/Pods/Pods-resources.sh\"\n";
			showEnvVarsInLog = 0;
		};
		9A10BB5622D890BE12CC6F55 /* Embed Pods Frameworks */ = {
			isa = PBXShellScriptBuildPhase;
			buildActionMask = 2147483647;
			files = (
			);
			inputPaths = (
			);
			name = "Embed Pods Frameworks";
			outputPaths = (
			);
			runOnlyForDeploymentPostprocessing = 0;
			shellPath = /bin/sh;
			shellScript = "\"${SRCROOT}/Pods/Target Support Files/Pods/Pods-frameworks.sh\"\n";
			showEnvVarsInLog = 0;
		};
		AE3170EFF4F0A9B4BFE6569B /* Check Pods Manifest.lock */ = {
			isa = PBXShellScriptBuildPhase;
			buildActionMask = 2147483647;
			files = (
			);
			inputPaths = (
			);
			name = "Check Pods Manifest.lock";
			outputPaths = (
			);
			runOnlyForDeploymentPostprocessing = 0;
			shellPath = /bin/sh;
			shellScript = "diff \"${PODS_ROOT}/../Podfile.lock\" \"${PODS_ROOT}/Manifest.lock\" > /dev/null\nif [[ $? != 0 ]] ; then\n    cat << EOM\nerror: The sandbox is not in sync with the Podfile.lock. Run 'pod install' or update your CocoaPods installation.\nEOM\n    exit 1\nfi\n";
			showEnvVarsInLog = 0;
		};
/* End PBXShellScriptBuildPhase section */

/* Begin PBXSourcesBuildPhase section */
		7CE476C91CBF945A006B6716 /* Sources */ = {
			isa = PBXSourcesBuildPhase;
			buildActionMask = 2147483647;
			files = (
				7CE477861CBF94D4006B6716 /* PBFButtonVerifyCode.m in Sources */,
				7CE477B21CBF9F2C006B6716 /* PBFNotifyLoadingViewTools.m in Sources */,
				7CE477921CBF94D4006B6716 /* PBFNotificationTopBar.m in Sources */,
				7CE476D81CBF945A006B6716 /* ViewController.m in Sources */,
				7CE477A71CBF94D4006B6716 /* PBFUITextFieldAdditionFinishedBtn.m in Sources */,
				7C1268EC1CEC0B270012AE57 /* PBFViewTools.m in Sources */,
				7CE477AA1CBF94D4006B6716 /* PBFUITextFieldStratageMinlength.m in Sources */,
				7CFE27C01CE4699400FB11C5 /* PBFORMTools.m in Sources */,
				7CE477A91CBF94D4006B6716 /* PBFUITextFieldStratageMaxLength.m in Sources */,
				7CE477811CBF94D4006B6716 /* PBFDateTools.m in Sources */,
				7CE4778F1CBF94D4006B6716 /* PBFLabelCountBackwards.m in Sources */,
				7CE477B51CBF9F83006B6716 /* PBFNotifyToastViewTools.m in Sources */,
				7CE4778A1CBF94D4006B6716 /* PBFDesEncrypt.m in Sources */,
				7CE477AC1CBF94D4006B6716 /* PBFUITextFieldVerify.m in Sources */,
				7CE4778B1CBF94D4006B6716 /* PBFDeviceTools.m in Sources */,
				7CE476D51CBF945A006B6716 /* AppDelegate.m in Sources */,
				7CE477B81CBF9FA8006B6716 /* PBFNotifyAlertViewTools.m in Sources */,
				7CE477841CBF94D4006B6716 /* PBFBrowserTools.m in Sources */,
				7CE477A41CBF94D4006B6716 /* UITableView+EmptyImage.m in Sources */,
				7CE4779B1CBF94D4006B6716 /* qrencode.c in Sources */,
				7CE477A31CBF94D4006B6716 /* PBFTableViewEmptyNotify.m in Sources */,
				7CE477961CBF94D4006B6716 /* PBFQRCodeScanner.m in Sources */,
				7CE477951CBF94D4006B6716 /* PBFQRCodeGenerator.m in Sources */,
				7CE477A01CBF94D4006B6716 /* PBFScrollFlowView.m in Sources */,
				7CE477A51CBF94D4006B6716 /* UITableView+EmptyText.m in Sources */,
				7CE477831CBF94D4006B6716 /* PBFNumberTools.m in Sources */,
				7CE4779E1CBF94D4006B6716 /* rscode.c in Sources */,
				7CE477801CBF94D4006B6716 /* PBFConvert.m in Sources */,
				7CE477931CBF94D4006B6716 /* PBFPopInputView.m in Sources */,
				7CE4778E1CBF94D4006B6716 /* PBFImageProminent.m in Sources */,
				7CE477981CBF94D4006B6716 /* mask.c in Sources */,
				7CE477991CBF94D4006B6716 /* mmask.c in Sources */,
				7CE477A81CBF94D4006B6716 /* PBFUITextFieldAdditionPickup.m in Sources */,
				7CE4779D1CBF94D4006B6716 /* qrspec.c in Sources */,
				7CE477A11CBF94D4006B6716 /* PBFSimplePieChartView.m in Sources */,
				7CE476D21CBF945A006B6716 /* main.m in Sources */,
				7CE477911CBF94D4006B6716 /* PBFAPPLoadingPages.m in Sources */,
				7CE4777F1CBF94D4006B6716 /* PBFColorTools.m in Sources */,
				7CE4778C1CBF94D4006B6716 /* PBFErrorTools.m in Sources */,
				7CE4779A1CBF94D4006B6716 /* mqrspec.c in Sources */,
				7CE477971CBF94D4006B6716 /* bitstream.c in Sources */,
				7CE477A61CBF94D4006B6716 /* PBFTabPageFlow.m in Sources */,
				7CE477901CBF94D4006B6716 /* PBFLabelCountBackwardsSimple.m in Sources */,
				7CE477821CBF94D4006B6716 /* PBFNSStringTools.m in Sources */,
				7CE477851CBF94D4006B6716 /* PBFBrowserViewCtrl.m in Sources */,
				7CE477871CBF94D4006B6716 /* PBFContextGraphicsTools.m in Sources */,
				7CE477A21CBF94D4006B6716 /* PBFSpringEffectAlertView.m in Sources */,
				7CE477891CBF94D4006B6716 /* README.md in Sources */,
				7CE477941CBF94D4006B6716 /* PBFProgressCircleView.m in Sources */,
				7CE4778D1CBF94D4006B6716 /* PBFImageObtainTools.m in Sources */,
				7CE4779F1CBF94D4006B6716 /* split.c in Sources */,
				7CE477AB1CBF94D4006B6716 /* PBFUITextFieldStratageRegex.m in Sources */,
				7CE477881CBF94D4006B6716 /* GTMBase64.m in Sources */,
				7CE4779C1CBF94D4006B6716 /* qrinput.c in Sources */,
				7C203DFC1CF457D100D554D5 /* PBFDropSelectBoxView.m in Sources */,
			);
			runOnlyForDeploymentPostprocessing = 0;
		};
		7CE476E21CBF945A006B6716 /* Sources */ = {
			isa = PBXSourcesBuildPhase;
			buildActionMask = 2147483647;
			files = (
				7CE476EB1CBF945A006B6716 /* PBFBaseToolsDemoTests.m in Sources */,
				7CFE27C21CE48BB400FB11C5 /* PBFORMToolsTests.m in Sources */,
			);
			runOnlyForDeploymentPostprocessing = 0;
		};
		7CE476ED1CBF945A006B6716 /* Sources */ = {
			isa = PBXSourcesBuildPhase;
			buildActionMask = 2147483647;
			files = (
				7CE476F61CBF945A006B6716 /* PBFBaseToolsDemoUITests.m in Sources */,
			);
			runOnlyForDeploymentPostprocessing = 0;
		};
/* End PBXSourcesBuildPhase section */

/* Begin PBXTargetDependency section */
		7CE476E81CBF945A006B6716 /* PBXTargetDependency */ = {
			isa = PBXTargetDependency;
			target = 7CE476CC1CBF945A006B6716 /* PBFBaseToolsDemo */;
			targetProxy = 7CE476E71CBF945A006B6716 /* PBXContainerItemProxy */;
		};
		7CE476F31CBF945A006B6716 /* PBXTargetDependency */ = {
			isa = PBXTargetDependency;
			target = 7CE476CC1CBF945A006B6716 /* PBFBaseToolsDemo */;
			targetProxy = 7CE476F21CBF945A006B6716 /* PBXContainerItemProxy */;
		};
/* End PBXTargetDependency section */

/* Begin PBXVariantGroup section */
		7CE476D91CBF945A006B6716 /* Main.storyboard */ = {
			isa = PBXVariantGroup;
			children = (
				7CE476DA1CBF945A006B6716 /* Base */,
			);
			name = Main.storyboard;
			sourceTree = "<group>";
		};
		7CE476DE1CBF945A006B6716 /* LaunchScreen.storyboard */ = {
			isa = PBXVariantGroup;
			children = (
				7CE476DF1CBF945A006B6716 /* Base */,
			);
			name = LaunchScreen.storyboard;
			sourceTree = "<group>";
		};
/* End PBXVariantGroup section */

/* Begin XCBuildConfiguration section */
		7CE476F81CBF945A006B6716 /* Debug */ = {
			isa = XCBuildConfiguration;
			buildSettings = {
				ALWAYS_SEARCH_USER_PATHS = NO;
				CLANG_ANALYZER_NONNULL = YES;
				CLANG_CXX_LANGUAGE_STANDARD = "gnu++0x";
				CLANG_CXX_LIBRARY = "libc++";
				CLANG_ENABLE_MODULES = YES;
				CLANG_ENABLE_OBJC_ARC = YES;
				CLANG_WARN_BOOL_CONVERSION = YES;
				CLANG_WARN_CONSTANT_CONVERSION = YES;
				CLANG_WARN_DIRECT_OBJC_ISA_USAGE = YES_ERROR;
				CLANG_WARN_EMPTY_BODY = YES;
				CLANG_WARN_ENUM_CONVERSION = YES;
				CLANG_WARN_INT_CONVERSION = YES;
				CLANG_WARN_OBJC_ROOT_CLASS = YES_ERROR;
				CLANG_WARN_UNREACHABLE_CODE = YES;
				CLANG_WARN__DUPLICATE_METHOD_MATCH = YES;
				"CODE_SIGN_IDENTITY[sdk=iphoneos*]" = "iPhone Developer";
				COPY_PHASE_STRIP = NO;
				DEBUG_INFORMATION_FORMAT = dwarf;
				ENABLE_STRICT_OBJC_MSGSEND = YES;
				ENABLE_TESTABILITY = YES;
				GCC_C_LANGUAGE_STANDARD = gnu99;
				GCC_DYNAMIC_NO_PIC = NO;
				GCC_NO_COMMON_BLOCKS = YES;
				GCC_OPTIMIZATION_LEVEL = 0;
				GCC_PREPROCESSOR_DEFINITIONS = (
					"DEBUG=1",
					"$(inherited)",
				);
				GCC_WARN_64_TO_32_BIT_CONVERSION = YES;
				GCC_WARN_ABOUT_RETURN_TYPE = YES_ERROR;
				GCC_WARN_UNDECLARED_SELECTOR = YES;
				GCC_WARN_UNINITIALIZED_AUTOS = YES_AGGRESSIVE;
				GCC_WARN_UNUSED_FUNCTION = YES;
				GCC_WARN_UNUSED_VARIABLE = YES;
				IPHONEOS_DEPLOYMENT_TARGET = 9.3;
				MTL_ENABLE_DEBUG_INFO = YES;
				ONLY_ACTIVE_ARCH = YES;
				SDKROOT = iphoneos;
				TARGETED_DEVICE_FAMILY = "1,2";
			};
			name = Debug;
		};
		7CE476F91CBF945A006B6716 /* Release */ = {
			isa = XCBuildConfiguration;
			buildSettings = {
				ALWAYS_SEARCH_USER_PATHS = NO;
				CLANG_ANALYZER_NONNULL = YES;
				CLANG_CXX_LANGUAGE_STANDARD = "gnu++0x";
				CLANG_CXX_LIBRARY = "libc++";
				CLANG_ENABLE_MODULES = YES;
				CLANG_ENABLE_OBJC_ARC = YES;
				CLANG_WARN_BOOL_CONVERSION = YES;
				CLANG_WARN_CONSTANT_CONVERSION = YES;
				CLANG_WARN_DIRECT_OBJC_ISA_USAGE = YES_ERROR;
				CLANG_WARN_EMPTY_BODY = YES;
				CLANG_WARN_ENUM_CONVERSION = YES;
				CLANG_WARN_INT_CONVERSION = YES;
				CLANG_WARN_OBJC_ROOT_CLASS = YES_ERROR;
				CLANG_WARN_UNREACHABLE_CODE = YES;
				CLANG_WARN__DUPLICATE_METHOD_MATCH = YES;
				"CODE_SIGN_IDENTITY[sdk=iphoneos*]" = "iPhone Developer";
				COPY_PHASE_STRIP = NO;
				DEBUG_INFORMATION_FORMAT = "dwarf-with-dsym";
				ENABLE_NS_ASSERTIONS = NO;
				ENABLE_STRICT_OBJC_MSGSEND = YES;
				GCC_C_LANGUAGE_STANDARD = gnu99;
				GCC_NO_COMMON_BLOCKS = YES;
				GCC_WARN_64_TO_32_BIT_CONVERSION = YES;
				GCC_WARN_ABOUT_RETURN_TYPE = YES_ERROR;
				GCC_WARN_UNDECLARED_SELECTOR = YES;
				GCC_WARN_UNINITIALIZED_AUTOS = YES_AGGRESSIVE;
				GCC_WARN_UNUSED_FUNCTION = YES;
				GCC_WARN_UNUSED_VARIABLE = YES;
				IPHONEOS_DEPLOYMENT_TARGET = 9.3;
				MTL_ENABLE_DEBUG_INFO = NO;
				SDKROOT = iphoneos;
				TARGETED_DEVICE_FAMILY = "1,2";
				VALIDATE_PRODUCT = YES;
			};
			name = Release;
		};
		7CE476FB1CBF945A006B6716 /* Debug */ = {
			isa = XCBuildConfiguration;
			baseConfigurationReference = FBEFE29C0482E6C609707804 /* Pods.debug.xcconfig */;
			buildSettings = {
				ASSETCATALOG_COMPILER_APPICON_NAME = AppIcon;
				CODE_SIGN_IDENTITY = "iPhone Developer";
				GCC_PREPROCESSOR_DEFINITIONS = HAVE_CONFIG_H;
				INFOPLIST_FILE = PBFBaseToolsDemo/Info.plist;
				LD_RUNPATH_SEARCH_PATHS = "$(inherited) @executable_path/Frameworks";
				PRODUCT_BUNDLE_IDENTIFIER = com.boying.PBFBaseToolsDemo;
				PRODUCT_NAME = "$(TARGET_NAME)";
			};
			name = Debug;
		};
		7CE476FC1CBF945A006B6716 /* Release */ = {
			isa = XCBuildConfiguration;
			baseConfigurationReference = CAEC37524EC2EB1881AB9796 /* Pods.release.xcconfig */;
			buildSettings = {
				ASSETCATALOG_COMPILER_APPICON_NAME = AppIcon;
				CODE_SIGN_IDENTITY = "iPhone Distribution";
				GCC_PREPROCESSOR_DEFINITIONS = HAVE_CONFIG_H;
				INFOPLIST_FILE = PBFBaseToolsDemo/Info.plist;
				LD_RUNPATH_SEARCH_PATHS = "$(inherited) @executable_path/Frameworks";
				PRODUCT_BUNDLE_IDENTIFIER = com.boying.PBFBaseToolsDemo;
				PRODUCT_NAME = "$(TARGET_NAME)";
			};
			name = Release;
		};
		7CE476FE1CBF945A006B6716 /* Debug */ = {
			isa = XCBuildConfiguration;
			buildSettings = {
				BUNDLE_LOADER = "$(TEST_HOST)";
				INFOPLIST_FILE = PBFBaseToolsDemoTests/Info.plist;
				LD_RUNPATH_SEARCH_PATHS = "$(inherited) @executable_path/Frameworks @loader_path/Frameworks";
				PRODUCT_BUNDLE_IDENTIFIER = com.boying.PBFBaseToolsDemoTests;
				PRODUCT_NAME = "$(TARGET_NAME)";
				TEST_HOST = "$(BUILT_PRODUCTS_DIR)/PBFBaseToolsDemo.app/PBFBaseToolsDemo";
			};
			name = Debug;
		};
		7CE476FF1CBF945A006B6716 /* Release */ = {
			isa = XCBuildConfiguration;
			buildSettings = {
				BUNDLE_LOADER = "$(TEST_HOST)";
				INFOPLIST_FILE = PBFBaseToolsDemoTests/Info.plist;
				LD_RUNPATH_SEARCH_PATHS = "$(inherited) @executable_path/Frameworks @loader_path/Frameworks";
				PRODUCT_BUNDLE_IDENTIFIER = com.boying.PBFBaseToolsDemoTests;
				PRODUCT_NAME = "$(TARGET_NAME)";
				TEST_HOST = "$(BUILT_PRODUCTS_DIR)/PBFBaseToolsDemo.app/PBFBaseToolsDemo";
			};
			name = Release;
		};
		7CE477011CBF945A006B6716 /* Debug */ = {
			isa = XCBuildConfiguration;
			buildSettings = {
				INFOPLIST_FILE = PBFBaseToolsDemoUITests/Info.plist;
				LD_RUNPATH_SEARCH_PATHS = "$(inherited) @executable_path/Frameworks @loader_path/Frameworks";
				PRODUCT_BUNDLE_IDENTIFIER = com.boying.PBFBaseToolsDemoUITests;
				PRODUCT_NAME = "$(TARGET_NAME)";
				TEST_TARGET_NAME = PBFBaseToolsDemo;
			};
			name = Debug;
		};
		7CE477021CBF945A006B6716 /* Release */ = {
			isa = XCBuildConfiguration;
			buildSettings = {
				INFOPLIST_FILE = PBFBaseToolsDemoUITests/Info.plist;
				LD_RUNPATH_SEARCH_PATHS = "$(inherited) @executable_path/Frameworks @loader_path/Frameworks";
				PRODUCT_BUNDLE_IDENTIFIER = com.boying.PBFBaseToolsDemoUITests;
				PRODUCT_NAME = "$(TARGET_NAME)";
				TEST_TARGET_NAME = PBFBaseToolsDemo;
			};
			name = Release;
		};
/* End XCBuildConfiguration section */

/* Begin XCConfigurationList section */
		7CE476C81CBF945A006B6716 /* Build configuration list for PBXProject "PBFBaseToolsDemo" */ = {
			isa = XCConfigurationList;
			buildConfigurations = (
				7CE476F81CBF945A006B6716 /* Debug */,
				7CE476F91CBF945A006B6716 /* Release */,
			);
			defaultConfigurationIsVisible = 0;
			defaultConfigurationName = Release;
		};
		7CE476FA1CBF945A006B6716 /* Build configuration list for PBXNativeTarget "PBFBaseToolsDemo" */ = {
			isa = XCConfigurationList;
			buildConfigurations = (
				7CE476FB1CBF945A006B6716 /* Debug */,
				7CE476FC1CBF945A006B6716 /* Release */,
			);
			defaultConfigurationIsVisible = 0;
			defaultConfigurationName = Release;
		};
		7CE476FD1CBF945A006B6716 /* Build configuration list for PBXNativeTarget "PBFBaseToolsDemoTests" */ = {
			isa = XCConfigurationList;
			buildConfigurations = (
				7CE476FE1CBF945A006B6716 /* Debug */,
				7CE476FF1CBF945A006B6716 /* Release */,
			);
			defaultConfigurationIsVisible = 0;
			defaultConfigurationName = Release;
		};
		7CE477001CBF945A006B6716 /* Build configuration list for PBXNativeTarget "PBFBaseToolsDemoUITests" */ = {
			isa = XCConfigurationList;
			buildConfigurations = (
				7CE477011CBF945A006B6716 /* Debug */,
				7CE477021CBF945A006B6716 /* Release */,
			);
			defaultConfigurationIsVisible = 0;
			defaultConfigurationName = Release;
		};
/* End XCConfigurationList section */
	};
	rootObject = 7CE476C51CBF945A006B6716 /* Project object */;
}
